
Microsoft Visual Studio Solution File, Format Version 12.00
# Visual Studio Version 17
VisualStudioVersion = 17.5.002.0
MinimumVisualStudioVersion = 10.0.40219.1
Project("{2150E333-8FDC-42A3-9474-1A3956D46DE8}") = "CSharpProjects", "CSharpProjects", "{A76F0FA4-08DE-4BAA-AB7F-29FF76915EBC}"
EndProject
Project("{9A19103F-16F7-4668-BE54-9A1E7A4F7556}") = "CT01FCS_R02M04U02", "CSharpProjects\CT01FCS_R02M04U02\CT01FCS_R02M04U02.csproj", "{0D67AB32-E505-4AE8-A7D7-67EEA3F7573A}"
EndProject
Project("{9A19103F-16F7-4668-BE54-9A1E7A4F7556}") = "CT01FCS_R02M04U03", "CSharpProjects\CT01FCS_R02M04U03\CT01FCS_R02M04U03.csproj", "{FD5D2F6C-9D7B-4678-B06D-D0C3538D9FA2}"
EndProject
Project("{9A19103F-16F7-4668-BE54-9A1E7A4F7556}") = "CT01FCS_R02M04U04", "CSharpProjects\CT01FCS_R02M04U04\CT01FCS_R02M04U04.csproj", "{E7CD34AF-7728-49FD-ACBF-ADD744F96926}"
EndProject
Project("{9A19103F-16F7-4668-BE54-9A1E7A4F7556}") = "CT01FCS_R02M05U02", "CSharpProjects\CT01FCS_R02M05U02\CT01FCS_R02M05U02.csproj", "{1B98F64D-4114-4AAA-AA1D-B29DCF5A02A5}"
EndProject
Project("{9A19103F-16F7-4668-BE54-9A1E7A4F7556}") = "CT01FCS_R02M05U03", "CSharpProjects\CT01FCS_R02M05U03\CT01FCS_R02M05U03.csproj", "{23A64AC8-41C7-43F2-ADAB-2E6BB936BC2D}"
EndProject
Project("{9A19103F-16F7-4668-BE54-9A1E7A4F7556}") = "CT01FCS_R02M05U04", "CSharpProjects\CT01FCS_R02M05U04\CT01FCS_R02M05U04.csproj", "{70F35A89-9F06-48F5-9FF1-C053C0D1F604}"
EndProject
Project("{9A19103F-16F7-4668-BE54-9A1E7A4F7556}") = "CT01FCS_R02M05U05", "CSharpProjects\CT01FCS_R02M05U05\CT01FCS_R02M05U05.csproj", "{3140C97B-ADDE-4B20-8D50-AAB5473622BC}"
EndProject
Project("{9A19103F-16F7-4668-BE54-9A1E7A4F7556}") = "CT01FCS_R02M05U06", "CSharpProjects\CT01FCS_R02M05U06\CT01FCS_R02M05U06.csproj", "{BC2799A5-E820-4316-A201-C91E4454C039}"
EndProject
Project("{9A19103F-16F7-4668-BE54-9A1E7A4F7556}") = "CT01FCS_R02M06U02", "CSharpProjects\CT01FCS_R02M06U02\CT01FCS_R02M06U02.csproj", "{ABCCD642-ADD2-48DD-828D-C608F3624E93}"
EndProject
Project("{9A19103F-16F7-4668-BE54-9A1E7A4F7556}") = "CT01FCS_R02M06U03", "CSharpProjects\CT01FCS_R02M06U03\CT01FCS_R02M06U03.csproj", "{B8A0DA01-D570-4CBC-85BE-18EE120AB327}"
EndProject
Project("{9A19103F-16F7-4668-BE54-9A1E7A4F7556}") = "CT01FCS_R02M06U04", "CSharpProjects\CT01FCS_R02M06U04\CT01FCS_R02M06U04.csproj", "{59138E1C-88AE-4C63-9CED-9B24064B042F}"
EndProject
Project("{9A19103F-16F7-4668-BE54-9A1E7A4F7556}") = "CT01FCS_R02M06U05", "CSharpProjects\CT01FCS_R02M06U05\CT01FCS_R02M06U05.csproj", "{5349EC53-E606-46D5-89D3-B4418EB01174}"
EndProject
Project("{9A19103F-16F7-4668-BE54-9A1E7A4F7556}") = "CT01FCS_R03M01U02", "CSharpProjects\CT01FCS_R03M01U02\CT01FCS_R03M01U02.csproj", "{62DE77E3-EC61-496D-A9D9-C7FD8865436F}"
EndProject
Project("{9A19103F-16F7-4668-BE54-9A1E7A4F7556}") = "CT01FCS_R03M01U03", "CSharpProjects\CT01FCS_R03M01U03\CT01FCS_R03M01U03.csproj", "{773310F2-3706-4DC1-B729-B6E0A28B8B78}"
EndProject
Project("{9A19103F-16F7-4668-BE54-9A1E7A4F7556}") = "CT01FCS_R03M01U04", "CSharpProjects\CT01FCS_R03M01U04\CT01FCS_R03M01U04.csproj", "{292816E4-D4A5-4CA0-97A6-285A79407EC1}"
EndProject
Project("{9A19103F-16F7-4668-BE54-9A1E7A4F7556}") = "CT01FCS_R03M01U06", "CSharpProjects\CT01FCS_R03M01U06\CT01FCS_R03M01U06.csproj", "{F73A71CC-6BC5-4216-8145-2B6A24A3716C}"
EndProject
Project("{9A19103F-16F7-4668-BE54-9A1E7A4F7556}") = "CT01FCS_R03M02U02", "CSharpProjects\CT01FCS_R03M02U02\CT01FCS_R03M02U02.csproj", "{64CAA820-C4E1-4DEE-89CC-FAC68E90F304}"
EndProject
Project("{9A19103F-16F7-4668-BE54-9A1E7A4F7556}") = "CT01FCS_R03M02U03", "CSharpProjects\CT01FCS_R03M02U03\CT01FCS_R03M02U03.csproj", "{3AE032B1-6E44-49F5-B587-953B60C92D76}"
EndProject
Project("{9A19103F-16F7-4668-BE54-9A1E7A4F7556}") = "CT01FCS_R03M02U04", "CSharpProjects\CT01FCS_R03M02U04\CT01FCS_R03M02U04.csproj", "{AE7A6CED-1353-4B6B-B269-216E207B0100}"
EndProject
Project("{9A19103F-16F7-4668-BE54-9A1E7A4F7556}") = "CT01FCS_R03M03U02", "CSharpProjects\CT01FCS_R03M03U02\CT01FCS_R03M03U02.csproj", "{41283E60-CE86-4683-BBC5-3A8E404ED19E}"
EndProject
Project("{9A19103F-16F7-4668-BE54-9A1E7A4F7556}") = "CT01FCS_R03M03U03", "CSharpProjects\CT01FCS_R03M03U03\CT01FCS_R03M03U03.csproj", "{EE1934FB-B4FF-41C9-99AD-90D3B8BDDB14}"
EndProject
Project("{9A19103F-16F7-4668-BE54-9A1E7A4F7556}") = "CT01FCS_R03M04U02", "CSharpProjects\CT01FCS_R03M04U02\CT01FCS_R03M04U02.csproj", "{0452FF0A-3D5A-4624-B6B5-01F63FE33FAC}"
EndProject
Project("{9A19103F-16F7-4668-BE54-9A1E7A4F7556}") = "CT01FCS_R03M04U03", "CSharpProjects\CT01FCS_R03M04U03\CT01FCS_R03M04U03.csproj", "{735BD6AB-8A10-4278-AE53-E8CBF906EF99}"
EndProject
Project("{9A19103F-16F7-4668-BE54-9A1E7A4F7556}") = "CT01FCS_R03M05U02", "CSharpProjects\CT01FCS_R03M05U02\CT01FCS_R03M05U02.csproj", "{44ACAC52-2B7A-4113-9D3F-C5A5D53DC1CB}"
EndProject
Project("{9A19103F-16F7-4668-BE54-9A1E7A4F7556}") = "CT01FCS_R03M05U03", "CSharpProjects\CT01FCS_R03M05U03\CT01FCS_R03M05U03.csproj", "{F5E6BAE4-6962-4FEA-8BAA-7FB309FC45B0}"
EndProject
Project("{9A19103F-16F7-4668-BE54-9A1E7A4F7556}") = "CT01FCS_R03M05U05", "CSharpProjects\CT01FCS_R03M05U05\CT01FCS_R03M05U05.csproj", "{E81D8B4B-E1CC-4069-8F2C-47A2A0DE9244}"
EndProject
Project("{9A19103F-16F7-4668-BE54-9A1E7A4F7556}") = "CT01FCS_R03M06U02", "CSharpProjects\CT01FCS_R03M06U02\CT01FCS_R03M06U02.csproj", "{016D8A6B-1E7B-48C0-B997-43E6BC5DD046}"
EndProject
Project("{9A19103F-16F7-4668-BE54-9A1E7A4F7556}") = "CT01FCS_R03M06U03", "CSharpProjects\CT01FCS_R03M06U03\CT01FCS_R03M06U03.csproj", "{4CCBBD76-028E-4E77-A030-EEB41F617C09}"
EndProject
Project("{9A19103F-16F7-4668-BE54-9A1E7A4F7556}") = "CT01FCS_R03M06U04", "CSharpProjects\CT01FCS_R03M06U04\CT01FCS_R03M06U04.csproj", "{686107C9-E499-467E-968A-DD07E99167F8}"
EndProject
Project("{9A19103F-16F7-4668-BE54-9A1E7A4F7556}") = "CT01FCS_R03M06U05", "CSharpProjects\CT01FCS_R03M06U05\CT01FCS_R03M06U05.csproj", "{39F80710-9836-4850-B912-960DBAA11AB9}"
EndProject
Project("{9A19103F-16F7-4668-BE54-9A1E7A4F7556}") = "CT01FCS_R03M06U06", "CSharpProjects\CT01FCS_R03M06U06\CT01FCS_R03M06U06.csproj", "{8E4A6F78-674C-417C-9DE7-91ECB1EE6BB6}"
EndProject
Project("{9A19103F-16F7-4668-BE54-9A1E7A4F7556}") = "CT01FCS_R03M07U02", "CSharpProjects\CT01FCS_R03M07U02\CT01FCS_R03M07U02.csproj", "{9FB91CE3-ED53-42FE-87A1-06090E0B9FDC}"
EndProject
Project("{9A19103F-16F7-4668-BE54-9A1E7A4F7556}") = "CT01FCS_R03M07U03", "CSharpProjects\CT01FCS_R03M07U03\CT01FCS_R03M07U03.csproj", "{57A4CED6-6BC2-4F81-9DA5-FBCF139A9CA2}"
EndProject
Project("{9A19103F-16F7-4668-BE54-9A1E7A4F7556}") = "CT01FCS_R03M07U04", "CSharpProjects\CT01FCS_R03M07U04\CT01FCS_R03M07U04.csproj", "{866055C5-9C30-4E59-84CF-3458A8C2A090}"
EndProject
Project("{9A19103F-16F7-4668-BE54-9A1E7A4F7556}") = "CT01FCS_R04M01U03", "CSharpProjects\CT01FCS_R04M01U03\CT01FCS_R04M01U03.csproj", "{DE08C8B6-A785-4EE1-BC35-8B99B613486C}"
EndProject
Project("{9A19103F-16F7-4668-BE54-9A1E7A4F7556}") = "CT01FCS_R04M01U04", "CSharpProjects\CT01FCS_R04M01U04\CT01FCS_R04M01U04.csproj", "{17CAD8FB-14F6-4EF5-9F2B-E3ABCFAE3C82}"
EndProject
Project("{9A19103F-16F7-4668-BE54-9A1E7A4F7556}") = "CT01FCS_R04M01U05", "CSharpProjects\CT01FCS_R04M01U05\CT01FCS_R04M01U05.csproj", "{06807172-8C63-437E-A82E-6BB33E4AAA08}"
EndProject
Project("{9A19103F-16F7-4668-BE54-9A1E7A4F7556}") = "CT01FCS_R04M02U02", "CSharpProjects\CT01FCS_R04M02U02\CT01FCS_R04M02U02.csproj", "{E3B38D03-15C5-436C-B9EC-CB098704F21B}"
EndProject
Project("{9A19103F-16F7-4668-BE54-9A1E7A4F7556}") = "CT01FCS_R04M02U03", "CSharpProjects\CT01FCS_R04M02U03\CT01FCS_R04M02U03.csproj", "{BFB9B644-5D10-4B21-BC93-F045CEF6480A}"
EndProject
Project("{9A19103F-16F7-4668-BE54-9A1E7A4F7556}") = "CT01FCS_R04M02U04", "CSharpProjects\CT01FCS_R04M02U04\CT01FCS_R04M02U04.csproj", "{0215D133-3D0B-44DF-9C06-D5056DBE510C}"
EndProject
Project("{9A19103F-16F7-4668-BE54-9A1E7A4F7556}") = "CT01FCS_R04M02U06", "CSharpProjects\CT01FCS_R04M02U06\CT01FCS_R04M02U06.csproj", "{DFC91C60-F65C-4CB0-A7BC-C6D682393330}"
EndProject
Project("{9A19103F-16F7-4668-BE54-9A1E7A4F7556}") = "CT01FCS_R04M03U02", "CSharpProjects\CT01FCS_R04M03U02\CT01FCS_R04M03U02.csproj", "{2F987796-E943-4530-91B4-4F2233F8BE3F}"
EndProject
Project("{9A19103F-16F7-4668-BE54-9A1E7A4F7556}") = "CT01FCS_R04M03U03", "CSharpProjects\CT01FCS_R04M03U03\CT01FCS_R04M03U03.csproj", "{CD83F7FB-C596-4523-BE6C-B9FB269C0703}"
EndProject
Project("{9A19103F-16F7-4668-BE54-9A1E7A4F7556}") = "CT01FCS_R04M03U04", "CSharpProjects\CT01FCS_R04M03U04\CT01FCS_R04M03U04.csproj", "{3AFE10F0-F418-47C7-93CB-BD3B8DC4EF96}"
EndProject
Project("{9A19103F-16F7-4668-BE54-9A1E7A4F7556}") = "CT01FCS_R04M03U05", "CSharpProjects\CT01FCS_R04M03U05\CT01FCS_R04M03U05.csproj", "{7EE5FC87-9FE9-4F20-A976-32AD5E92B5DE}"
EndProject
Project("{9A19103F-16F7-4668-BE54-9A1E7A4F7556}") = "CT01FCS_R04M03U07", "CSharpProjects\CT01FCS_R04M03U07\CT01FCS_R04M03U07.csproj", "{B1E7B6C3-5195-4FFF-8878-32D0C6F7FFDE}"
EndProject
Project("{9A19103F-16F7-4668-BE54-9A1E7A4F7556}") = "CT01FCS_R04M04U02", "CSharpProjects\CT01FCS_R04M04U02\CT01FCS_R04M04U02.csproj", "{E8365E6B-C575-4707-90A9-D0422EEABE59}"
EndProject
Project("{9A19103F-16F7-4668-BE54-9A1E7A4F7556}") = "CT01FCS_R04M04U03", "CSharpProjects\CT01FCS_R04M04U03\CT01FCS_R04M04U03.csproj", "{AA6A735B-0F1C-4F0D-888B-A8F2F3A2D10E}"
EndProject
Project("{9A19103F-16F7-4668-BE54-9A1E7A4F7556}") = "CT01FCS_R04M04U04", "CSharpProjects\CT01FCS_R04M04U04\CT01FCS_R04M04U04.csproj", "{FB3CF4E6-6524-4B67-8AED-633C1A332087}"
EndProject
Project("{9A19103F-16F7-4668-BE54-9A1E7A4F7556}") = "CT01FCS_R04M04U05", "CSharpProjects\CT01FCS_R04M04U05\CT01FCS_R04M04U05.csproj", "{63906D7D-4AF5-40AF-B77A-D7EA5667DE54}"
EndProject
Project("{9A19103F-16F7-4668-BE54-9A1E7A4F7556}") = "CT01FCS_R04M05U02", "CSharpProjects\CT01FCS_R04M05U02\CT01FCS_R04M05U02.csproj", "{E8882BB7-012C-4D1B-8AA4-CDC4EFF5F1E7}"
EndProject
Project("{9A19103F-16F7-4668-BE54-9A1E7A4F7556}") = "CT01FCS_R04M05U03", "CSharpProjects\CT01FCS_R04M05U03\CT01FCS_R04M05U03.csproj", "{64E33019-BBB4-482C-A8CD-2CC45CD0447A}"
EndProject
Project("{9A19103F-16F7-4668-BE54-9A1E7A4F7556}") = "CT01FCS_R04M05U04", "CSharpProjects\CT01FCS_R04M05U04\CT01FCS_R04M05U04.csproj", "{CEB6E2F6-28A2-4C78-B711-58141DD64683}"
EndProject
Project("{9A19103F-16F7-4668-BE54-9A1E7A4F7556}") = "CT01FCS_R04M05U05", "CSharpProjects\CT01FCS_R04M05U05\CT01FCS_R04M05U05.csproj", "{E79F0E88-20B5-427D-B311-0EE58FD064A2}"
EndProject
Project("{9A19103F-16F7-4668-BE54-9A1E7A4F7556}") = "CT01FCS_R04M06U02", "CSharpProjects\CT01FCS_R04M06U02\CT01FCS_R04M06U02.csproj", "{E4EE796B-66A7-4696-9B5D-BEA0E99AFD6C}"
EndProject
Project("{9A19103F-16F7-4668-BE54-9A1E7A4F7556}") = "CT01FCS_R04M06U03", "CSharpProjects\CT01FCS_R04M06U03\CT01FCS_R04M06U03.csproj", "{4E7E17D3-2B10-4A9E-ACBF-D9E7F5424281}"
EndProject
Project("{9A19103F-16F7-4668-BE54-9A1E7A4F7556}") = "CT01FCS_R04M06U04", "CSharpProjects\CT01FCS_R04M06U04\CT01FCS_R04M06U04.csproj", "{44667FE4-D61F-4D64-A70A-56A55799F3DF}"
EndProject
Project("{9A19103F-16F7-4668-BE54-9A1E7A4F7556}") = "CT01FCS_R04M06U05", "CSharpProjects\CT01FCS_R04M06U05\CT01FCS_R04M06U05.csproj", "{7FD19E0D-EA36-4DEC-A16B-1F3D85EE0673}"
EndProject
Project("{9A19103F-16F7-4668-BE54-9A1E7A4F7556}") = "CT01FCS_R04M07U02", "CSharpProjects\CT01FCS_R04M07U02\CT01FCS_R04M07U02.csproj", "{599F43DA-A6C5-43CA-8AB2-50A22CE47619}"
EndProject
Project("{9A19103F-16F7-4668-BE54-9A1E7A4F7556}") = "CT01FCS_R04M07U03", "CSharpProjects\CT01FCS_R04M07U03\CT01FCS_R04M07U03.csproj", "{67A350C2-04F4-457C-86C6-F60CB31DBC0C}"
EndProject
Project("{9A19103F-16F7-4668-BE54-9A1E7A4F7556}") = "CT01FCS_R05M01U02", "CSharpProjects\CT01FCS_R05M01U02\CT01FCS_R05M01U02.csproj", "{4A5F7278-E16D-4F37-8F30-11F7D7AB2AE8}"
EndProject
Project("{9A19103F-16F7-4668-BE54-9A1E7A4F7556}") = "CT01FCS_R05M01U03", "CSharpProjects\CT01FCS_R05M01U03\CT01FCS_R05M01U03.csproj", "{16DBA336-FF7C-4E21-887B-C44CE1E97DA0}"
EndProject
Project("{9A19103F-16F7-4668-BE54-9A1E7A4F7556}") = "CT01FCS_R05M01U04", "CSharpProjects\CT01FCS_R05M01U04\CT01FCS_R05M01U04.csproj", "{8FE0ABA0-C2E5-440D-9A35-4D7F8C29424F}"
EndProject
Project("{9A19103F-16F7-4668-BE54-9A1E7A4F7556}") = "CT01FCS_R05M01U05", "CSharpProjects\CT01FCS_R05M01U05\CT01FCS_R05M01U05.csproj", "{CF599342-A7BE-44D2-B872-23313923873E}"
EndProject
Project("{9A19103F-16F7-4668-BE54-9A1E7A4F7556}") = "CT01FCS_R05M01U06", "CSharpProjects\CT01FCS_R05M01U06\CT01FCS_R05M01U06.csproj", "{F8C26828-3E7A-48DC-A4C0-E3DDAC2DDF9F}"
EndProject
Project("{9A19103F-16F7-4668-BE54-9A1E7A4F7556}") = "CT01FCS_R05M02U02", "CSharpProjects\CT01FCS_R05M02U02\CT01FCS_R05M02U02.csproj", "{724C7FA6-312E-4F7D-BFD8-695984C76467}"
EndProject
Project("{9A19103F-16F7-4668-BE54-9A1E7A4F7556}") = "CT01FCS_R05M02U03", "CSharpProjects\CT01FCS_R05M02U03\CT01FCS_R05M02U03.csproj", "{D8776F76-E54C-41F6-9FBF-B3DD464BCFB3}"
EndProject
Project("{9A19103F-16F7-4668-BE54-9A1E7A4F7556}") = "CT01FCS_R05M02U04", "CSharpProjects\CT01FCS_R05M02U04\CT01FCS_R05M02U04.csproj", "{8387CFDE-4CF1-458D-8574-F0C1974F6B58}"
EndProject
Project("{9A19103F-16F7-4668-BE54-9A1E7A4F7556}") = "CT01FCS_R05M02U05", "CSharpProjects\CT01FCS_R05M02U05\CT01FCS_R05M02U05.csproj", "{4D7D276F-6AB9-4B44-BF24-314376AE132C}"
EndProject
Project("{9A19103F-16F7-4668-BE54-9A1E7A4F7556}") = "CT01FCS_R05M02U06", "CSharpProjects\CT01FCS_R05M02U06\CT01FCS_R05M02U06.csproj", "{14CE91F9-AEE6-4815-87F7-F0FC5A2B2F61}"
EndProject
Project("{9A19103F-16F7-4668-BE54-9A1E7A4F7556}") = "CT01FCS_R05M03U02", "CSharpProjects\CT01FCS_R05M03U02\CT01FCS_R05M03U02.csproj", "{9A9D7ADD-967B-470B-B017-A35981BA7C94}"
EndProject
Project("{9A19103F-16F7-4668-BE54-9A1E7A4F7556}") = "CT01FCS_R05M03U03", "CSharpProjects\CT01FCS_R05M03U03\CT01FCS_R05M03U03.csproj", "{9ADF4076-5155-47F1-B3F1-2A21D2E2574C}"
EndProject
Project("{9A19103F-16F7-4668-BE54-9A1E7A4F7556}") = "CT01FCS_R05M03U04", "CSharpProjects\CT01FCS_R05M03U04\CT01FCS_R05M03U04.csproj", "{20B62F91-86B0-449D-8D9B-95C22B242688}"
EndProject
Project("{9A19103F-16F7-4668-BE54-9A1E7A4F7556}") = "CT01FCS_R05M03U05", "CSharpProjects\CT01FCS_R05M03U05\CT01FCS_R05M03U05.csproj", "{8D124167-3972-406D-B7C7-5A9878D9C7F4}"
EndProject
Project("{9A19103F-16F7-4668-BE54-9A1E7A4F7556}") = "CT01FCS_R05M03U06", "CSharpProjects\CT01FCS_R05M03U06\CT01FCS_R05M03U06.csproj", "{4C10385C-EE40-4360-A9C5-520566E2EB86}"
EndProject
Project("{9A19103F-16F7-4668-BE54-9A1E7A4F7556}") = "CT01FCS_R05M03U07", "CSharpProjects\CT01FCS_R05M03U07\CT01FCS_R05M03U07.csproj", "{6888FCB6-EAB9-4D9D-B0ED-9E0FE0D87476}"
EndProject
Project("{9A19103F-16F7-4668-BE54-9A1E7A4F7556}") = "CT01FCS_R05M04U02", "CSharpProjects\CT01FCS_R05M04U02\CT01FCS_R05M04U02.csproj", "{88F51294-7CA0-4C93-8566-419E55464B21}"
EndProject
Project("{9A19103F-16F7-4668-BE54-9A1E7A4F7556}") = "CT01FCS_R05M04U03", "CSharpProjects\CT01FCS_R05M04U03\CT01FCS_R05M04U03.csproj", "{F943FB6C-8858-482E-8C24-0034E627F9F1}"
EndProject
Project("{9A19103F-16F7-4668-BE54-9A1E7A4F7556}") = "CT01FCS_R05M04U04", "CSharpProjects\CT01FCS_R05M04U04\CT01FCS_R05M04U04.csproj", "{4FB58A80-B925-457A-980D-E0F1101451AA}"
EndProject
Project("{9A19103F-16F7-4668-BE54-9A1E7A4F7556}") = "CT01FCS_R05M04U05", "CSharpProjects\CT01FCS_R05M04U05\CT01FCS_R05M04U05.csproj", "{1C2A157D-0C4F-470B-B5D6-9997B43966B2}"
EndProject
Project("{9A19103F-16F7-4668-BE54-9A1E7A4F7556}") = "CT01FCS_R05M04U06", "CSharpProjects\CT01FCS_R05M04U06\CT01FCS_R05M04U06.csproj", "{A80D69D6-1C1F-4BB8-8352-1DADF44A662B}"
EndProject
Project("{9A19103F-16F7-4668-BE54-9A1E7A4F7556}") = "CT01FCS_R05M05U02", "CSharpProjects\CT01FCS_R05M05U02\CT01FCS_R05M05U02.csproj", "{70126E1C-B22D-4BAD-930C-B7BE91E52E5F}"
EndProject
Project("{9A19103F-16F7-4668-BE54-9A1E7A4F7556}") = "CT01FCS_R05M05U03", "CSharpProjects\CT01FCS_R05M05U03\CT01FCS_R05M05U03.csproj", "{7A1ADD52-F21B-44D0-BFA6-F6D36A5401DE}"
EndProject
Project("{9A19103F-16F7-4668-BE54-9A1E7A4F7556}") = "CT01FCS_R06M02U03", "CSharpProjects\CT01FCS_R06M02U03\CT01FCS_R06M02U03.csproj", "{6D416136-CD01-48CF-B7FD-9B7D7980D232}"
EndProject
Project("{9A19103F-16F7-4668-BE54-9A1E7A4F7556}") = "CT01FCS_R06M02U05", "CSharpProjects\CT01FCS_R06M02U05\CT01FCS_R06M02U05.csproj", "{F12B940E-910D-4A4B-856A-2DAC5D7846C1}"
EndProject
Project("{9A19103F-16F7-4668-BE54-9A1E7A4F7556}") = "CT01FCS_R06M02U07", "CSharpProjects\CT01FCS_R06M02U07\CT01FCS_R06M02U07.csproj", "{DCD72569-97E0-4DD1-AF42-BBF76A413079}"
EndProject
Project("{9A19103F-16F7-4668-BE54-9A1E7A4F7556}") = "CT01FCS_R06M02U08", "CSharpProjects\CT01FCS_R06M02U08\CT01FCS_R06M02U08.csproj", "{FF3ECF64-6594-4CB2-9D87-4C19380E77DC}"
EndProject
Project("{9A19103F-16F7-4668-BE54-9A1E7A4F7556}") = "CT01FCS_R06M02U09", "CSharpProjects\CT01FCS_R06M02U09\CT01FCS_R06M02U09.csproj", "{3E7E8084-DA58-44B7-B0CE-5517EE0353DA}"
EndProject
Project("{9A19103F-16F7-4668-BE54-9A1E7A4F7556}") = "CT01FCS_R06M03U02", "CSharpProjects\CT01FCS_R06M03U02\CT01FCS_R06M03U02.csproj", "{510FA49F-961D-4C69-9ABC-2AB6EF467063}"
EndProject
Project("{9A19103F-16F7-4668-BE54-9A1E7A4F7556}") = "CT01FCS_R06M03U03", "CSharpProjects\CT01FCS_R06M03U03\CT01FCS_R06M03U03.csproj", "{DBF33BA3-7937-49BD-95D6-FFD886E87ABE}"
EndProject
Project("{9A19103F-16F7-4668-BE54-9A1E7A4F7556}") = "CT01FCS_R06M03U04", "CSharpProjects\CT01FCS_R06M03U04\CT01FCS_R06M03U04.csproj", "{0B7293ED-FD78-4C65-822E-32D48D6B7AE3}"
EndProject
Project("{9A19103F-16F7-4668-BE54-9A1E7A4F7556}") = "CT01FCS_R06M03U05", "CSharpProjects\CT01FCS_R06M03U05\CT01FCS_R06M03U05.csproj", "{8C348AEA-5AE5-4593-BCC4-40457364A0AA}"
EndProject
Project("{9A19103F-16F7-4668-BE54-9A1E7A4F7556}") = "CT01FCS_R06M03U07", "CSharpProjects\CT01FCS_R06M03U07\CT01FCS_R06M03U07.csproj", "{48DABC61-8E85-4383-BDCC-6E004CF393B2}"
EndProject
Project("{9A19103F-16F7-4668-BE54-9A1E7A4F7556}") = "CT01FCS_R06M03U09", "CSharpProjects\CT01FCS_R06M03U09\CT01FCS_R06M03U09.csproj", "{713C433B-46A8-4A71-9D20-767088C6D95F}"
EndProject
Project("{9A19103F-16F7-4668-BE54-9A1E7A4F7556}") = "CT01FCS_R06M04U02", "CSharpProjects\CT01FCS_R06M04U02\CT01FCS_R06M04U02.csproj", "{01DD4D6F-9B04-4F44-A542-4DA777129ECD}"
EndProject
Project("{9A19103F-16F7-4668-BE54-9A1E7A4F7556}") = "CT01FCS_R06M04U03", "CSharpProjects\CT01FCS_R06M04U03\CT01FCS_R06M04U03.csproj", "{D486557D-3088-423C-8816-3847B935BF25}"
EndProject
Global
	GlobalSection(SolutionConfigurationPlatforms) = preSolution
		Debug|Any CPU = Debug|Any CPU
		Release|Any CPU = Release|Any CPU
	EndGlobalSection
	GlobalSection(ProjectConfigurationPlatforms) = postSolution
		{0D67AB32-E505-4AE8-A7D7-67EEA3F7573A}.Debug|Any CPU.ActiveCfg = Debug|Any CPU
		{0D67AB32-E505-4AE8-A7D7-67EEA3F7573A}.Debug|Any CPU.Build.0 = Debug|Any CPU
		{0D67AB32-E505-4AE8-A7D7-67EEA3F7573A}.Release|Any CPU.ActiveCfg = Release|Any CPU
		{0D67AB32-E505-4AE8-A7D7-67EEA3F7573A}.Release|Any CPU.Build.0 = Release|Any CPU
		{FD5D2F6C-9D7B-4678-B06D-D0C3538D9FA2}.Debug|Any CPU.ActiveCfg = Debug|Any CPU
		{FD5D2F6C-9D7B-4678-B06D-D0C3538D9FA2}.Debug|Any CPU.Build.0 = Debug|Any CPU
		{FD5D2F6C-9D7B-4678-B06D-D0C3538D9FA2}.Release|Any CPU.ActiveCfg = Release|Any CPU
		{FD5D2F6C-9D7B-4678-B06D-D0C3538D9FA2}.Release|Any CPU.Build.0 = Release|Any CPU
		{E7CD34AF-7728-49FD-ACBF-ADD744F96926}.Debug|Any CPU.ActiveCfg = Debug|Any CPU
		{E7CD34AF-7728-49FD-ACBF-ADD744F96926}.Debug|Any CPU.Build.0 = Debug|Any CPU
		{E7CD34AF-7728-49FD-ACBF-ADD744F96926}.Release|Any CPU.ActiveCfg = Release|Any CPU
		{E7CD34AF-7728-49FD-ACBF-ADD744F96926}.Release|Any CPU.Build.0 = Release|Any CPU
		{1B98F64D-4114-4AAA-AA1D-B29DCF5A02A5}.Debug|Any CPU.ActiveCfg = Debug|Any CPU
		{1B98F64D-4114-4AAA-AA1D-B29DCF5A02A5}.Debug|Any CPU.Build.0 = Debug|Any CPU
		{1B98F64D-4114-4AAA-AA1D-B29DCF5A02A5}.Release|Any CPU.ActiveCfg = Release|Any CPU
		{1B98F64D-4114-4AAA-AA1D-B29DCF5A02A5}.Release|Any CPU.Build.0 = Release|Any CPU
		{23A64AC8-41C7-43F2-ADAB-2E6BB936BC2D}.Debug|Any CPU.ActiveCfg = Debug|Any CPU
		{23A64AC8-41C7-43F2-ADAB-2E6BB936BC2D}.Debug|Any CPU.Build.0 = Debug|Any CPU
		{23A64AC8-41C7-43F2-ADAB-2E6BB936BC2D}.Release|Any CPU.ActiveCfg = Release|Any CPU
		{23A64AC8-41C7-43F2-ADAB-2E6BB936BC2D}.Release|Any CPU.Build.0 = Release|Any CPU
		{70F35A89-9F06-48F5-9FF1-C053C0D1F604}.Debug|Any CPU.ActiveCfg = Debug|Any CPU
		{70F35A89-9F06-48F5-9FF1-C053C0D1F604}.Debug|Any CPU.Build.0 = Debug|Any CPU
		{70F35A89-9F06-48F5-9FF1-C053C0D1F604}.Release|Any CPU.ActiveCfg = Release|Any CPU
		{70F35A89-9F06-48F5-9FF1-C053C0D1F604}.Release|Any CPU.Build.0 = Release|Any CPU
		{3140C97B-ADDE-4B20-8D50-AAB5473622BC}.Debug|Any CPU.ActiveCfg = Debug|Any CPU
		{3140C97B-ADDE-4B20-8D50-AAB5473622BC}.Debug|Any CPU.Build.0 = Debug|Any CPU
		{3140C97B-ADDE-4B20-8D50-AAB5473622BC}.Release|Any CPU.ActiveCfg = Release|Any CPU
		{3140C97B-ADDE-4B20-8D50-AAB5473622BC}.Release|Any CPU.Build.0 = Release|Any CPU
		{BC2799A5-E820-4316-A201-C91E4454C039}.Debug|Any CPU.ActiveCfg = Debug|Any CPU
		{BC2799A5-E820-4316-A201-C91E4454C039}.Debug|Any CPU.Build.0 = Debug|Any CPU
		{BC2799A5-E820-4316-A201-C91E4454C039}.Release|Any CPU.ActiveCfg = Release|Any CPU
		{BC2799A5-E820-4316-A201-C91E4454C039}.Release|Any CPU.Build.0 = Release|Any CPU
		{ABCCD642-ADD2-48DD-828D-C608F3624E93}.Debug|Any CPU.ActiveCfg = Debug|Any CPU
		{ABCCD642-ADD2-48DD-828D-C608F3624E93}.Debug|Any CPU.Build.0 = Debug|Any CPU
		{ABCCD642-ADD2-48DD-828D-C608F3624E93}.Release|Any CPU.ActiveCfg = Release|Any CPU
		{ABCCD642-ADD2-48DD-828D-C608F3624E93}.Release|Any CPU.Build.0 = Release|Any CPU
		{B8A0DA01-D570-4CBC-85BE-18EE120AB327}.Debug|Any CPU.ActiveCfg = Debug|Any CPU
		{B8A0DA01-D570-4CBC-85BE-18EE120AB327}.Debug|Any CPU.Build.0 = Debug|Any CPU
		{B8A0DA01-D570-4CBC-85BE-18EE120AB327}.Release|Any CPU.ActiveCfg = Release|Any CPU
		{B8A0DA01-D570-4CBC-85BE-18EE120AB327}.Release|Any CPU.Build.0 = Release|Any CPU
		{59138E1C-88AE-4C63-9CED-9B24064B042F}.Debug|Any CPU.ActiveCfg = Debug|Any CPU
		{59138E1C-88AE-4C63-9CED-9B24064B042F}.Debug|Any CPU.Build.0 = Debug|Any CPU
		{59138E1C-88AE-4C63-9CED-9B24064B042F}.Release|Any CPU.ActiveCfg = Release|Any CPU
		{59138E1C-88AE-4C63-9CED-9B24064B042F}.Release|Any CPU.Build.0 = Release|Any CPU
		{5349EC53-E606-46D5-89D3-B4418EB01174}.Debug|Any CPU.ActiveCfg = Debug|Any CPU
		{5349EC53-E606-46D5-89D3-B4418EB01174}.Debug|Any CPU.Build.0 = Debug|Any CPU
		{5349EC53-E606-46D5-89D3-B4418EB01174}.Release|Any CPU.ActiveCfg = Release|Any CPU
		{5349EC53-E606-46D5-89D3-B4418EB01174}.Release|Any CPU.Build.0 = Release|Any CPU
		{62DE77E3-EC61-496D-A9D9-C7FD8865436F}.Debug|Any CPU.ActiveCfg = Debug|Any CPU
		{62DE77E3-EC61-496D-A9D9-C7FD8865436F}.Debug|Any CPU.Build.0 = Debug|Any CPU
		{62DE77E3-EC61-496D-A9D9-C7FD8865436F}.Release|Any CPU.ActiveCfg = Release|Any CPU
		{62DE77E3-EC61-496D-A9D9-C7FD8865436F}.Release|Any CPU.Build.0 = Release|Any CPU
		{773310F2-3706-4DC1-B729-B6E0A28B8B78}.Debug|Any CPU.ActiveCfg = Debug|Any CPU
		{773310F2-3706-4DC1-B729-B6E0A28B8B78}.Debug|Any CPU.Build.0 = Debug|Any CPU
		{773310F2-3706-4DC1-B729-B6E0A28B8B78}.Release|Any CPU.ActiveCfg = Release|Any CPU
		{773310F2-3706-4DC1-B729-B6E0A28B8B78}.Release|Any CPU.Build.0 = Release|Any CPU
		{292816E4-D4A5-4CA0-97A6-285A79407EC1}.Debug|Any CPU.ActiveCfg = Debug|Any CPU
		{292816E4-D4A5-4CA0-97A6-285A79407EC1}.Debug|Any CPU.Build.0 = Debug|Any CPU
		{292816E4-D4A5-4CA0-97A6-285A79407EC1}.Release|Any CPU.ActiveCfg = Release|Any CPU
		{292816E4-D4A5-4CA0-97A6-285A79407EC1}.Release|Any CPU.Build.0 = Release|Any CPU
		{F73A71CC-6BC5-4216-8145-2B6A24A3716C}.Debug|Any CPU.ActiveCfg = Debug|Any CPU
		{F73A71CC-6BC5-4216-8145-2B6A24A3716C}.Debug|Any CPU.Build.0 = Debug|Any CPU
		{F73A71CC-6BC5-4216-8145-2B6A24A3716C}.Release|Any CPU.ActiveCfg = Release|Any CPU
		{F73A71CC-6BC5-4216-8145-2B6A24A3716C}.Release|Any CPU.Build.0 = Release|Any CPU
		{64CAA820-C4E1-4DEE-89CC-FAC68E90F304}.Debug|Any CPU.ActiveCfg = Debug|Any CPU
		{64CAA820-C4E1-4DEE-89CC-FAC68E90F304}.Debug|Any CPU.Build.0 = Debug|Any CPU
		{64CAA820-C4E1-4DEE-89CC-FAC68E90F304}.Release|Any CPU.ActiveCfg = Release|Any CPU
		{64CAA820-C4E1-4DEE-89CC-FAC68E90F304}.Release|Any CPU.Build.0 = Release|Any CPU
		{3AE032B1-6E44-49F5-B587-953B60C92D76}.Debug|Any CPU.ActiveCfg = Debug|Any CPU
		{3AE032B1-6E44-49F5-B587-953B60C92D76}.Debug|Any CPU.Build.0 = Debug|Any CPU
		{3AE032B1-6E44-49F5-B587-953B60C92D76}.Release|Any CPU.ActiveCfg = Release|Any CPU
		{3AE032B1-6E44-49F5-B587-953B60C92D76}.Release|Any CPU.Build.0 = Release|Any CPU
		{AE7A6CED-1353-4B6B-B269-216E207B0100}.Debug|Any CPU.ActiveCfg = Debug|Any CPU
		{AE7A6CED-1353-4B6B-B269-216E207B0100}.Debug|Any CPU.Build.0 = Debug|Any CPU
		{AE7A6CED-1353-4B6B-B269-216E207B0100}.Release|Any CPU.ActiveCfg = Release|Any CPU
		{AE7A6CED-1353-4B6B-B269-216E207B0100}.Release|Any CPU.Build.0 = Release|Any CPU
		{41283E60-CE86-4683-BBC5-3A8E404ED19E}.Debug|Any CPU.ActiveCfg = Debug|Any CPU
		{41283E60-CE86-4683-BBC5-3A8E404ED19E}.Debug|Any CPU.Build.0 = Debug|Any CPU
		{41283E60-CE86-4683-BBC5-3A8E404ED19E}.Release|Any CPU.ActiveCfg = Release|Any CPU
		{41283E60-CE86-4683-BBC5-3A8E404ED19E}.Release|Any CPU.Build.0 = Release|Any CPU
		{EE1934FB-B4FF-41C9-99AD-90D3B8BDDB14}.Debug|Any CPU.ActiveCfg = Debug|Any CPU
		{EE1934FB-B4FF-41C9-99AD-90D3B8BDDB14}.Debug|Any CPU.Build.0 = Debug|Any CPU
		{EE1934FB-B4FF-41C9-99AD-90D3B8BDDB14}.Release|Any CPU.ActiveCfg = Release|Any CPU
		{EE1934FB-B4FF-41C9-99AD-90D3B8BDDB14}.Release|Any CPU.Build.0 = Release|Any CPU
		{0452FF0A-3D5A-4624-B6B5-01F63FE33FAC}.Debug|Any CPU.ActiveCfg = Debug|Any CPU
		{0452FF0A-3D5A-4624-B6B5-01F63FE33FAC}.Debug|Any CPU.Build.0 = Debug|Any CPU
		{0452FF0A-3D5A-4624-B6B5-01F63FE33FAC}.Release|Any CPU.ActiveCfg = Release|Any CPU
		{0452FF0A-3D5A-4624-B6B5-01F63FE33FAC}.Release|Any CPU.Build.0 = Release|Any CPU
		{735BD6AB-8A10-4278-AE53-E8CBF906EF99}.Debug|Any CPU.ActiveCfg = Debug|Any CPU
		{735BD6AB-8A10-4278-AE53-E8CBF906EF99}.Debug|Any CPU.Build.0 = Debug|Any CPU
		{735BD6AB-8A10-4278-AE53-E8CBF906EF99}.Release|Any CPU.ActiveCfg = Release|Any CPU
		{735BD6AB-8A10-4278-AE53-E8CBF906EF99}.Release|Any CPU.Build.0 = Release|Any CPU
		{44ACAC52-2B7A-4113-9D3F-C5A5D53DC1CB}.Debug|Any CPU.ActiveCfg = Debug|Any CPU
		{44ACAC52-2B7A-4113-9D3F-C5A5D53DC1CB}.Debug|Any CPU.Build.0 = Debug|Any CPU
		{44ACAC52-2B7A-4113-9D3F-C5A5D53DC1CB}.Release|Any CPU.ActiveCfg = Release|Any CPU
		{44ACAC52-2B7A-4113-9D3F-C5A5D53DC1CB}.Release|Any CPU.Build.0 = Release|Any CPU
		{F5E6BAE4-6962-4FEA-8BAA-7FB309FC45B0}.Debug|Any CPU.ActiveCfg = Debug|Any CPU
		{F5E6BAE4-6962-4FEA-8BAA-7FB309FC45B0}.Debug|Any CPU.Build.0 = Debug|Any CPU
		{F5E6BAE4-6962-4FEA-8BAA-7FB309FC45B0}.Release|Any CPU.ActiveCfg = Release|Any CPU
		{F5E6BAE4-6962-4FEA-8BAA-7FB309FC45B0}.Release|Any CPU.Build.0 = Release|Any CPU
		{E81D8B4B-E1CC-4069-8F2C-47A2A0DE9244}.Debug|Any CPU.ActiveCfg = Debug|Any CPU
		{E81D8B4B-E1CC-4069-8F2C-47A2A0DE9244}.Debug|Any CPU.Build.0 = Debug|Any CPU
		{E81D8B4B-E1CC-4069-8F2C-47A2A0DE9244}.Release|Any CPU.ActiveCfg = Release|Any CPU
		{E81D8B4B-E1CC-4069-8F2C-47A2A0DE9244}.Release|Any CPU.Build.0 = Release|Any CPU
		{016D8A6B-1E7B-48C0-B997-43E6BC5DD046}.Debug|Any CPU.ActiveCfg = Debug|Any CPU
		{016D8A6B-1E7B-48C0-B997-43E6BC5DD046}.Debug|Any CPU.Build.0 = Debug|Any CPU
		{016D8A6B-1E7B-48C0-B997-43E6BC5DD046}.Release|Any CPU.ActiveCfg = Release|Any CPU
		{016D8A6B-1E7B-48C0-B997-43E6BC5DD046}.Release|Any CPU.Build.0 = Release|Any CPU
		{4CCBBD76-028E-4E77-A030-EEB41F617C09}.Debug|Any CPU.ActiveCfg = Debug|Any CPU
		{4CCBBD76-028E-4E77-A030-EEB41F617C09}.Debug|Any CPU.Build.0 = Debug|Any CPU
		{4CCBBD76-028E-4E77-A030-EEB41F617C09}.Release|Any CPU.ActiveCfg = Release|Any CPU
		{4CCBBD76-028E-4E77-A030-EEB41F617C09}.Release|Any CPU.Build.0 = Release|Any CPU
		{686107C9-E499-467E-968A-DD07E99167F8}.Debug|Any CPU.ActiveCfg = Debug|Any CPU
		{686107C9-E499-467E-968A-DD07E99167F8}.Debug|Any CPU.Build.0 = Debug|Any CPU
		{686107C9-E499-467E-968A-DD07E99167F8}.Release|Any CPU.ActiveCfg = Release|Any CPU
		{686107C9-E499-467E-968A-DD07E99167F8}.Release|Any CPU.Build.0 = Release|Any CPU
		{39F80710-9836-4850-B912-960DBAA11AB9}.Debug|Any CPU.ActiveCfg = Debug|Any CPU
		{39F80710-9836-4850-B912-960DBAA11AB9}.Debug|Any CPU.Build.0 = Debug|Any CPU
		{39F80710-9836-4850-B912-960DBAA11AB9}.Release|Any CPU.ActiveCfg = Release|Any CPU
		{39F80710-9836-4850-B912-960DBAA11AB9}.Release|Any CPU.Build.0 = Release|Any CPU
		{8E4A6F78-674C-417C-9DE7-91ECB1EE6BB6}.Debug|Any CPU.ActiveCfg = Debug|Any CPU
		{8E4A6F78-674C-417C-9DE7-91ECB1EE6BB6}.Debug|Any CPU.Build.0 = Debug|Any CPU
		{8E4A6F78-674C-417C-9DE7-91ECB1EE6BB6}.Release|Any CPU.ActiveCfg = Release|Any CPU
		{8E4A6F78-674C-417C-9DE7-91ECB1EE6BB6}.Release|Any CPU.Build.0 = Release|Any CPU
		{9FB91CE3-ED53-42FE-87A1-06090E0B9FDC}.Debug|Any CPU.ActiveCfg = Debug|Any CPU
		{9FB91CE3-ED53-42FE-87A1-06090E0B9FDC}.Debug|Any CPU.Build.0 = Debug|Any CPU
		{9FB91CE3-ED53-42FE-87A1-06090E0B9FDC}.Release|Any CPU.ActiveCfg = Release|Any CPU
		{9FB91CE3-ED53-42FE-87A1-06090E0B9FDC}.Release|Any CPU.Build.0 = Release|Any CPU
		{57A4CED6-6BC2-4F81-9DA5-FBCF139A9CA2}.Debug|Any CPU.ActiveCfg = Debug|Any CPU
		{57A4CED6-6BC2-4F81-9DA5-FBCF139A9CA2}.Debug|Any CPU.Build.0 = Debug|Any CPU
		{57A4CED6-6BC2-4F81-9DA5-FBCF139A9CA2}.Release|Any CPU.ActiveCfg = Release|Any CPU
		{57A4CED6-6BC2-4F81-9DA5-FBCF139A9CA2}.Release|Any CPU.Build.0 = Release|Any CPU
		{866055C5-9C30-4E59-84CF-3458A8C2A090}.Debug|Any CPU.ActiveCfg = Debug|Any CPU
		{866055C5-9C30-4E59-84CF-3458A8C2A090}.Debug|Any CPU.Build.0 = Debug|Any CPU
		{866055C5-9C30-4E59-84CF-3458A8C2A090}.Release|Any CPU.ActiveCfg = Release|Any CPU
		{866055C5-9C30-4E59-84CF-3458A8C2A090}.Release|Any CPU.Build.0 = Release|Any CPU
		{DE08C8B6-A785-4EE1-BC35-8B99B613486C}.Debug|Any CPU.ActiveCfg = Debug|Any CPU
		{DE08C8B6-A785-4EE1-BC35-8B99B613486C}.Debug|Any CPU.Build.0 = Debug|Any CPU
		{DE08C8B6-A785-4EE1-BC35-8B99B613486C}.Release|Any CPU.ActiveCfg = Release|Any CPU
		{DE08C8B6-A785-4EE1-BC35-8B99B613486C}.Release|Any CPU.Build.0 = Release|Any CPU
		{17CAD8FB-14F6-4EF5-9F2B-E3ABCFAE3C82}.Debug|Any CPU.ActiveCfg = Debug|Any CPU
		{17CAD8FB-14F6-4EF5-9F2B-E3ABCFAE3C82}.Debug|Any CPU.Build.0 = Debug|Any CPU
		{17CAD8FB-14F6-4EF5-9F2B-E3ABCFAE3C82}.Release|Any CPU.ActiveCfg = Release|Any CPU
		{17CAD8FB-14F6-4EF5-9F2B-E3ABCFAE3C82}.Release|Any CPU.Build.0 = Release|Any CPU
		{06807172-8C63-437E-A82E-6BB33E4AAA08}.Debug|Any CPU.ActiveCfg = Debug|Any CPU
		{06807172-8C63-437E-A82E-6BB33E4AAA08}.Debug|Any CPU.Build.0 = Debug|Any CPU
		{06807172-8C63-437E-A82E-6BB33E4AAA08}.Release|Any CPU.ActiveCfg = Release|Any CPU
		{06807172-8C63-437E-A82E-6BB33E4AAA08}.Release|Any CPU.Build.0 = Release|Any CPU
		{E3B38D03-15C5-436C-B9EC-CB098704F21B}.Debug|Any CPU.ActiveCfg = Debug|Any CPU
		{E3B38D03-15C5-436C-B9EC-CB098704F21B}.Debug|Any CPU.Build.0 = Debug|Any CPU
		{E3B38D03-15C5-436C-B9EC-CB098704F21B}.Release|Any CPU.ActiveCfg = Release|Any CPU
		{E3B38D03-15C5-436C-B9EC-CB098704F21B}.Release|Any CPU.Build.0 = Release|Any CPU
		{BFB9B644-5D10-4B21-BC93-F045CEF6480A}.Debug|Any CPU.ActiveCfg = Debug|Any CPU
		{BFB9B644-5D10-4B21-BC93-F045CEF6480A}.Debug|Any CPU.Build.0 = Debug|Any CPU
		{BFB9B644-5D10-4B21-BC93-F045CEF6480A}.Release|Any CPU.ActiveCfg = Release|Any CPU
		{BFB9B644-5D10-4B21-BC93-F045CEF6480A}.Release|Any CPU.Build.0 = Release|Any CPU
		{0215D133-3D0B-44DF-9C06-D5056DBE510C}.Debug|Any CPU.ActiveCfg = Debug|Any CPU
		{0215D133-3D0B-44DF-9C06-D5056DBE510C}.Debug|Any CPU.Build.0 = Debug|Any CPU
		{0215D133-3D0B-44DF-9C06-D5056DBE510C}.Release|Any CPU.ActiveCfg = Release|Any CPU
		{0215D133-3D0B-44DF-9C06-D5056DBE510C}.Release|Any CPU.Build.0 = Release|Any CPU
		{DFC91C60-F65C-4CB0-A7BC-C6D682393330}.Debug|Any CPU.ActiveCfg = Debug|Any CPU
		{DFC91C60-F65C-4CB0-A7BC-C6D682393330}.Debug|Any CPU.Build.0 = Debug|Any CPU
		{DFC91C60-F65C-4CB0-A7BC-C6D682393330}.Release|Any CPU.ActiveCfg = Release|Any CPU
		{DFC91C60-F65C-4CB0-A7BC-C6D682393330}.Release|Any CPU.Build.0 = Release|Any CPU
		{2F987796-E943-4530-91B4-4F2233F8BE3F}.Debug|Any CPU.ActiveCfg = Debug|Any CPU
		{2F987796-E943-4530-91B4-4F2233F8BE3F}.Debug|Any CPU.Build.0 = Debug|Any CPU
		{2F987796-E943-4530-91B4-4F2233F8BE3F}.Release|Any CPU.ActiveCfg = Release|Any CPU
		{2F987796-E943-4530-91B4-4F2233F8BE3F}.Release|Any CPU.Build.0 = Release|Any CPU
		{CD83F7FB-C596-4523-BE6C-B9FB269C0703}.Debug|Any CPU.ActiveCfg = Debug|Any CPU
		{CD83F7FB-C596-4523-BE6C-B9FB269C0703}.Debug|Any CPU.Build.0 = Debug|Any CPU
		{CD83F7FB-C596-4523-BE6C-B9FB269C0703}.Release|Any CPU.ActiveCfg = Release|Any CPU
		{CD83F7FB-C596-4523-BE6C-B9FB269C0703}.Release|Any CPU.Build.0 = Release|Any CPU
		{3AFE10F0-F418-47C7-93CB-BD3B8DC4EF96}.Debug|Any CPU.ActiveCfg = Debug|Any CPU
		{3AFE10F0-F418-47C7-93CB-BD3B8DC4EF96}.Debug|Any CPU.Build.0 = Debug|Any CPU
		{3AFE10F0-F418-47C7-93CB-BD3B8DC4EF96}.Release|Any CPU.ActiveCfg = Release|Any CPU
		{3AFE10F0-F418-47C7-93CB-BD3B8DC4EF96}.Release|Any CPU.Build.0 = Release|Any CPU
		{7EE5FC87-9FE9-4F20-A976-32AD5E92B5DE}.Debug|Any CPU.ActiveCfg = Debug|Any CPU
		{7EE5FC87-9FE9-4F20-A976-32AD5E92B5DE}.Debug|Any CPU.Build.0 = Debug|Any CPU
		{7EE5FC87-9FE9-4F20-A976-32AD5E92B5DE}.Release|Any CPU.ActiveCfg = Release|Any CPU
		{7EE5FC87-9FE9-4F20-A976-32AD5E92B5DE}.Release|Any CPU.Build.0 = Release|Any CPU
		{B1E7B6C3-5195-4FFF-8878-32D0C6F7FFDE}.Debug|Any CPU.ActiveCfg = Debug|Any CPU
		{B1E7B6C3-5195-4FFF-8878-32D0C6F7FFDE}.Debug|Any CPU.Build.0 = Debug|Any CPU
		{B1E7B6C3-5195-4FFF-8878-32D0C6F7FFDE}.Release|Any CPU.ActiveCfg = Release|Any CPU
		{B1E7B6C3-5195-4FFF-8878-32D0C6F7FFDE}.Release|Any CPU.Build.0 = Release|Any CPU
		{E8365E6B-C575-4707-90A9-D0422EEABE59}.Debug|Any CPU.ActiveCfg = Debug|Any CPU
		{E8365E6B-C575-4707-90A9-D0422EEABE59}.Debug|Any CPU.Build.0 = Debug|Any CPU
		{E8365E6B-C575-4707-90A9-D0422EEABE59}.Release|Any CPU.ActiveCfg = Release|Any CPU
		{E8365E6B-C575-4707-90A9-D0422EEABE59}.Release|Any CPU.Build.0 = Release|Any CPU
		{AA6A735B-0F1C-4F0D-888B-A8F2F3A2D10E}.Debug|Any CPU.ActiveCfg = Debug|Any CPU
		{AA6A735B-0F1C-4F0D-888B-A8F2F3A2D10E}.Debug|Any CPU.Build.0 = Debug|Any CPU
		{AA6A735B-0F1C-4F0D-888B-A8F2F3A2D10E}.Release|Any CPU.ActiveCfg = Release|Any CPU
		{AA6A735B-0F1C-4F0D-888B-A8F2F3A2D10E}.Release|Any CPU.Build.0 = Release|Any CPU
		{FB3CF4E6-6524-4B67-8AED-633C1A332087}.Debug|Any CPU.ActiveCfg = Debug|Any CPU
		{FB3CF4E6-6524-4B67-8AED-633C1A332087}.Debug|Any CPU.Build.0 = Debug|Any CPU
		{FB3CF4E6-6524-4B67-8AED-633C1A332087}.Release|Any CPU.ActiveCfg = Release|Any CPU
		{FB3CF4E6-6524-4B67-8AED-633C1A332087}.Release|Any CPU.Build.0 = Release|Any CPU
		{63906D7D-4AF5-40AF-B77A-D7EA5667DE54}.Debug|Any CPU.ActiveCfg = Debug|Any CPU
		{63906D7D-4AF5-40AF-B77A-D7EA5667DE54}.Debug|Any CPU.Build.0 = Debug|Any CPU
		{63906D7D-4AF5-40AF-B77A-D7EA5667DE54}.Release|Any CPU.ActiveCfg = Release|Any CPU
		{63906D7D-4AF5-40AF-B77A-D7EA5667DE54}.Release|Any CPU.Build.0 = Release|Any CPU
		{E8882BB7-012C-4D1B-8AA4-CDC4EFF5F1E7}.Debug|Any CPU.ActiveCfg = Debug|Any CPU
		{E8882BB7-012C-4D1B-8AA4-CDC4EFF5F1E7}.Debug|Any CPU.Build.0 = Debug|Any CPU
		{E8882BB7-012C-4D1B-8AA4-CDC4EFF5F1E7}.Release|Any CPU.ActiveCfg = Release|Any CPU
		{E8882BB7-012C-4D1B-8AA4-CDC4EFF5F1E7}.Release|Any CPU.Build.0 = Release|Any CPU
		{64E33019-BBB4-482C-A8CD-2CC45CD0447A}.Debug|Any CPU.ActiveCfg = Debug|Any CPU
		{64E33019-BBB4-482C-A8CD-2CC45CD0447A}.Debug|Any CPU.Build.0 = Debug|Any CPU
		{64E33019-BBB4-482C-A8CD-2CC45CD0447A}.Release|Any CPU.ActiveCfg = Release|Any CPU
		{64E33019-BBB4-482C-A8CD-2CC45CD0447A}.Release|Any CPU.Build.0 = Release|Any CPU
		{CEB6E2F6-28A2-4C78-B711-58141DD64683}.Debug|Any CPU.ActiveCfg = Debug|Any CPU
		{CEB6E2F6-28A2-4C78-B711-58141DD64683}.Debug|Any CPU.Build.0 = Debug|Any CPU
		{CEB6E2F6-28A2-4C78-B711-58141DD64683}.Release|Any CPU.ActiveCfg = Release|Any CPU
		{CEB6E2F6-28A2-4C78-B711-58141DD64683}.Release|Any CPU.Build.0 = Release|Any CPU
		{E79F0E88-20B5-427D-B311-0EE58FD064A2}.Debug|Any CPU.ActiveCfg = Debug|Any CPU
		{E79F0E88-20B5-427D-B311-0EE58FD064A2}.Debug|Any CPU.Build.0 = Debug|Any CPU
		{E79F0E88-20B5-427D-B311-0EE58FD064A2}.Release|Any CPU.ActiveCfg = Release|Any CPU
		{E79F0E88-20B5-427D-B311-0EE58FD064A2}.Release|Any CPU.Build.0 = Release|Any CPU
		{E4EE796B-66A7-4696-9B5D-BEA0E99AFD6C}.Debug|Any CPU.ActiveCfg = Debug|Any CPU
		{E4EE796B-66A7-4696-9B5D-BEA0E99AFD6C}.Debug|Any CPU.Build.0 = Debug|Any CPU
		{E4EE796B-66A7-4696-9B5D-BEA0E99AFD6C}.Release|Any CPU.ActiveCfg = Release|Any CPU
		{E4EE796B-66A7-4696-9B5D-BEA0E99AFD6C}.Release|Any CPU.Build.0 = Release|Any CPU
		{4E7E17D3-2B10-4A9E-ACBF-D9E7F5424281}.Debug|Any CPU.ActiveCfg = Debug|Any CPU
		{4E7E17D3-2B10-4A9E-ACBF-D9E7F5424281}.Debug|Any CPU.Build.0 = Debug|Any CPU
		{4E7E17D3-2B10-4A9E-ACBF-D9E7F5424281}.Release|Any CPU.ActiveCfg = Release|Any CPU
		{4E7E17D3-2B10-4A9E-ACBF-D9E7F5424281}.Release|Any CPU.Build.0 = Release|Any CPU
		{44667FE4-D61F-4D64-A70A-56A55799F3DF}.Debug|Any CPU.ActiveCfg = Debug|Any CPU
		{44667FE4-D61F-4D64-A70A-56A55799F3DF}.Debug|Any CPU.Build.0 = Debug|Any CPU
		{44667FE4-D61F-4D64-A70A-56A55799F3DF}.Release|Any CPU.ActiveCfg = Release|Any CPU
		{44667FE4-D61F-4D64-A70A-56A55799F3DF}.Release|Any CPU.Build.0 = Release|Any CPU
		{7FD19E0D-EA36-4DEC-A16B-1F3D85EE0673}.Debug|Any CPU.ActiveCfg = Debug|Any CPU
		{7FD19E0D-EA36-4DEC-A16B-1F3D85EE0673}.Debug|Any CPU.Build.0 = Debug|Any CPU
		{7FD19E0D-EA36-4DEC-A16B-1F3D85EE0673}.Release|Any CPU.ActiveCfg = Release|Any CPU
		{7FD19E0D-EA36-4DEC-A16B-1F3D85EE0673}.Release|Any CPU.Build.0 = Release|Any CPU
		{599F43DA-A6C5-43CA-8AB2-50A22CE47619}.Debug|Any CPU.ActiveCfg = Debug|Any CPU
		{599F43DA-A6C5-43CA-8AB2-50A22CE47619}.Debug|Any CPU.Build.0 = Debug|Any CPU
		{599F43DA-A6C5-43CA-8AB2-50A22CE47619}.Release|Any CPU.ActiveCfg = Release|Any CPU
		{599F43DA-A6C5-43CA-8AB2-50A22CE47619}.Release|Any CPU.Build.0 = Release|Any CPU
		{67A350C2-04F4-457C-86C6-F60CB31DBC0C}.Debug|Any CPU.ActiveCfg = Debug|Any CPU
		{67A350C2-04F4-457C-86C6-F60CB31DBC0C}.Debug|Any CPU.Build.0 = Debug|Any CPU
		{67A350C2-04F4-457C-86C6-F60CB31DBC0C}.Release|Any CPU.ActiveCfg = Release|Any CPU
		{67A350C2-04F4-457C-86C6-F60CB31DBC0C}.Release|Any CPU.Build.0 = Release|Any CPU
		{4A5F7278-E16D-4F37-8F30-11F7D7AB2AE8}.Debug|Any CPU.ActiveCfg = Debug|Any CPU
		{4A5F7278-E16D-4F37-8F30-11F7D7AB2AE8}.Debug|Any CPU.Build.0 = Debug|Any CPU
		{4A5F7278-E16D-4F37-8F30-11F7D7AB2AE8}.Release|Any CPU.ActiveCfg = Release|Any CPU
		{4A5F7278-E16D-4F37-8F30-11F7D7AB2AE8}.Release|Any CPU.Build.0 = Release|Any CPU
		{16DBA336-FF7C-4E21-887B-C44CE1E97DA0}.Debug|Any CPU.ActiveCfg = Debug|Any CPU
		{16DBA336-FF7C-4E21-887B-C44CE1E97DA0}.Debug|Any CPU.Build.0 = Debug|Any CPU
		{16DBA336-FF7C-4E21-887B-C44CE1E97DA0}.Release|Any CPU.ActiveCfg = Release|Any CPU
		{16DBA336-FF7C-4E21-887B-C44CE1E97DA0}.Release|Any CPU.Build.0 = Release|Any CPU
		{8FE0ABA0-C2E5-440D-9A35-4D7F8C29424F}.Debug|Any CPU.ActiveCfg = Debug|Any CPU
		{8FE0ABA0-C2E5-440D-9A35-4D7F8C29424F}.Debug|Any CPU.Build.0 = Debug|Any CPU
		{8FE0ABA0-C2E5-440D-9A35-4D7F8C29424F}.Release|Any CPU.ActiveCfg = Release|Any CPU
		{8FE0ABA0-C2E5-440D-9A35-4D7F8C29424F}.Release|Any CPU.Build.0 = Release|Any CPU
		{CF599342-A7BE-44D2-B872-23313923873E}.Debug|Any CPU.ActiveCfg = Debug|Any CPU
		{CF599342-A7BE-44D2-B872-23313923873E}.Debug|Any CPU.Build.0 = Debug|Any CPU
		{CF599342-A7BE-44D2-B872-23313923873E}.Release|Any CPU.ActiveCfg = Release|Any CPU
		{CF599342-A7BE-44D2-B872-23313923873E}.Release|Any CPU.Build.0 = Release|Any CPU
		{F8C26828-3E7A-48DC-A4C0-E3DDAC2DDF9F}.Debug|Any CPU.ActiveCfg = Debug|Any CPU
		{F8C26828-3E7A-48DC-A4C0-E3DDAC2DDF9F}.Debug|Any CPU.Build.0 = Debug|Any CPU
		{F8C26828-3E7A-48DC-A4C0-E3DDAC2DDF9F}.Release|Any CPU.ActiveCfg = Release|Any CPU
		{F8C26828-3E7A-48DC-A4C0-E3DDAC2DDF9F}.Release|Any CPU.Build.0 = Release|Any CPU
		{724C7FA6-312E-4F7D-BFD8-695984C76467}.Debug|Any CPU.ActiveCfg = Debug|Any CPU
		{724C7FA6-312E-4F7D-BFD8-695984C76467}.Debug|Any CPU.Build.0 = Debug|Any CPU
		{724C7FA6-312E-4F7D-BFD8-695984C76467}.Release|Any CPU.ActiveCfg = Release|Any CPU
		{724C7FA6-312E-4F7D-BFD8-695984C76467}.Release|Any CPU.Build.0 = Release|Any CPU
		{D8776F76-E54C-41F6-9FBF-B3DD464BCFB3}.Debug|Any CPU.ActiveCfg = Debug|Any CPU
		{D8776F76-E54C-41F6-9FBF-B3DD464BCFB3}.Debug|Any CPU.Build.0 = Debug|Any CPU
		{D8776F76-E54C-41F6-9FBF-B3DD464BCFB3}.Release|Any CPU.ActiveCfg = Release|Any CPU
		{D8776F76-E54C-41F6-9FBF-B3DD464BCFB3}.Release|Any CPU.Build.0 = Release|Any CPU
		{8387CFDE-4CF1-458D-8574-F0C1974F6B58}.Debug|Any CPU.ActiveCfg = Debug|Any CPU
		{8387CFDE-4CF1-458D-8574-F0C1974F6B58}.Debug|Any CPU.Build.0 = Debug|Any CPU
		{8387CFDE-4CF1-458D-8574-F0C1974F6B58}.Release|Any CPU.ActiveCfg = Release|Any CPU
		{8387CFDE-4CF1-458D-8574-F0C1974F6B58}.Release|Any CPU.Build.0 = Release|Any CPU
		{4D7D276F-6AB9-4B44-BF24-314376AE132C}.Debug|Any CPU.ActiveCfg = Debug|Any CPU
		{4D7D276F-6AB9-4B44-BF24-314376AE132C}.Debug|Any CPU.Build.0 = Debug|Any CPU
		{4D7D276F-6AB9-4B44-BF24-314376AE132C}.Release|Any CPU.ActiveCfg = Release|Any CPU
		{4D7D276F-6AB9-4B44-BF24-314376AE132C}.Release|Any CPU.Build.0 = Release|Any CPU
		{14CE91F9-AEE6-4815-87F7-F0FC5A2B2F61}.Debug|Any CPU.ActiveCfg = Debug|Any CPU
		{14CE91F9-AEE6-4815-87F7-F0FC5A2B2F61}.Debug|Any CPU.Build.0 = Debug|Any CPU
		{14CE91F9-AEE6-4815-87F7-F0FC5A2B2F61}.Release|Any CPU.ActiveCfg = Release|Any CPU
		{14CE91F9-AEE6-4815-87F7-F0FC5A2B2F61}.Release|Any CPU.Build.0 = Release|Any CPU
		{9A9D7ADD-967B-470B-B017-A35981BA7C94}.Debug|Any CPU.ActiveCfg = Debug|Any CPU
		{9A9D7ADD-967B-470B-B017-A35981BA7C94}.Debug|Any CPU.Build.0 = Debug|Any CPU
		{9A9D7ADD-967B-470B-B017-A35981BA7C94}.Release|Any CPU.ActiveCfg = Release|Any CPU
		{9A9D7ADD-967B-470B-B017-A35981BA7C94}.Release|Any CPU.Build.0 = Release|Any CPU
		{9ADF4076-5155-47F1-B3F1-2A21D2E2574C}.Debug|Any CPU.ActiveCfg = Debug|Any CPU
		{9ADF4076-5155-47F1-B3F1-2A21D2E2574C}.Debug|Any CPU.Build.0 = Debug|Any CPU
		{9ADF4076-5155-47F1-B3F1-2A21D2E2574C}.Release|Any CPU.ActiveCfg = Release|Any CPU
		{9ADF4076-5155-47F1-B3F1-2A21D2E2574C}.Release|Any CPU.Build.0 = Release|Any CPU
		{20B62F91-86B0-449D-8D9B-95C22B242688}.Debug|Any CPU.ActiveCfg = Debug|Any CPU
		{20B62F91-86B0-449D-8D9B-95C22B242688}.Debug|Any CPU.Build.0 = Debug|Any CPU
		{20B62F91-86B0-449D-8D9B-95C22B242688}.Release|Any CPU.ActiveCfg = Release|Any CPU
		{20B62F91-86B0-449D-8D9B-95C22B242688}.Release|Any CPU.Build.0 = Release|Any CPU
		{8D124167-3972-406D-B7C7-5A9878D9C7F4}.Debug|Any CPU.ActiveCfg = Debug|Any CPU
		{8D124167-3972-406D-B7C7-5A9878D9C7F4}.Debug|Any CPU.Build.0 = Debug|Any CPU
		{8D124167-3972-406D-B7C7-5A9878D9C7F4}.Release|Any CPU.ActiveCfg = Release|Any CPU
		{8D124167-3972-406D-B7C7-5A9878D9C7F4}.Release|Any CPU.Build.0 = Release|Any CPU
		{4C10385C-EE40-4360-A9C5-520566E2EB86}.Debug|Any CPU.ActiveCfg = Debug|Any CPU
		{4C10385C-EE40-4360-A9C5-520566E2EB86}.Debug|Any CPU.Build.0 = Debug|Any CPU
		{4C10385C-EE40-4360-A9C5-520566E2EB86}.Release|Any CPU.ActiveCfg = Release|Any CPU
		{4C10385C-EE40-4360-A9C5-520566E2EB86}.Release|Any CPU.Build.0 = Release|Any CPU
		{6888FCB6-EAB9-4D9D-B0ED-9E0FE0D87476}.Debug|Any CPU.ActiveCfg = Debug|Any CPU
		{6888FCB6-EAB9-4D9D-B0ED-9E0FE0D87476}.Debug|Any CPU.Build.0 = Debug|Any CPU
		{6888FCB6-EAB9-4D9D-B0ED-9E0FE0D87476}.Release|Any CPU.ActiveCfg = Release|Any CPU
		{6888FCB6-EAB9-4D9D-B0ED-9E0FE0D87476}.Release|Any CPU.Build.0 = Release|Any CPU
		{88F51294-7CA0-4C93-8566-419E55464B21}.Debug|Any CPU.ActiveCfg = Debug|Any CPU
		{88F51294-7CA0-4C93-8566-419E55464B21}.Debug|Any CPU.Build.0 = Debug|Any CPU
		{88F51294-7CA0-4C93-8566-419E55464B21}.Release|Any CPU.ActiveCfg = Release|Any CPU
		{88F51294-7CA0-4C93-8566-419E55464B21}.Release|Any CPU.Build.0 = Release|Any CPU
		{F943FB6C-8858-482E-8C24-0034E627F9F1}.Debug|Any CPU.ActiveCfg = Debug|Any CPU
		{F943FB6C-8858-482E-8C24-0034E627F9F1}.Debug|Any CPU.Build.0 = Debug|Any CPU
		{F943FB6C-8858-482E-8C24-0034E627F9F1}.Release|Any CPU.ActiveCfg = Release|Any CPU
		{F943FB6C-8858-482E-8C24-0034E627F9F1}.Release|Any CPU.Build.0 = Release|Any CPU
		{4FB58A80-B925-457A-980D-E0F1101451AA}.Debug|Any CPU.ActiveCfg = Debug|Any CPU
		{4FB58A80-B925-457A-980D-E0F1101451AA}.Debug|Any CPU.Build.0 = Debug|Any CPU
		{4FB58A80-B925-457A-980D-E0F1101451AA}.Release|Any CPU.ActiveCfg = Release|Any CPU
		{4FB58A80-B925-457A-980D-E0F1101451AA}.Release|Any CPU.Build.0 = Release|Any CPU
		{1C2A157D-0C4F-470B-B5D6-9997B43966B2}.Debug|Any CPU.ActiveCfg = Debug|Any CPU
		{1C2A157D-0C4F-470B-B5D6-9997B43966B2}.Debug|Any CPU.Build.0 = Debug|Any CPU
		{1C2A157D-0C4F-470B-B5D6-9997B43966B2}.Release|Any CPU.ActiveCfg = Release|Any CPU
		{1C2A157D-0C4F-470B-B5D6-9997B43966B2}.Release|Any CPU.Build.0 = Release|Any CPU
		{A80D69D6-1C1F-4BB8-8352-1DADF44A662B}.Debug|Any CPU.ActiveCfg = Debug|Any CPU
		{A80D69D6-1C1F-4BB8-8352-1DADF44A662B}.Debug|Any CPU.Build.0 = Debug|Any CPU
		{A80D69D6-1C1F-4BB8-8352-1DADF44A662B}.Release|Any CPU.ActiveCfg = Release|Any CPU
		{A80D69D6-1C1F-4BB8-8352-1DADF44A662B}.Release|Any CPU.Build.0 = Release|Any CPU
		{70126E1C-B22D-4BAD-930C-B7BE91E52E5F}.Debug|Any CPU.ActiveCfg = Debug|Any CPU
		{70126E1C-B22D-4BAD-930C-B7BE91E52E5F}.Debug|Any CPU.Build.0 = Debug|Any CPU
		{70126E1C-B22D-4BAD-930C-B7BE91E52E5F}.Release|Any CPU.ActiveCfg = Release|Any CPU
		{70126E1C-B22D-4BAD-930C-B7BE91E52E5F}.Release|Any CPU.Build.0 = Release|Any CPU
		{7A1ADD52-F21B-44D0-BFA6-F6D36A5401DE}.Debug|Any CPU.ActiveCfg = Debug|Any CPU
		{7A1ADD52-F21B-44D0-BFA6-F6D36A5401DE}.Debug|Any CPU.Build.0 = Debug|Any CPU
		{7A1ADD52-F21B-44D0-BFA6-F6D36A5401DE}.Release|Any CPU.ActiveCfg = Release|Any CPU
		{7A1ADD52-F21B-44D0-BFA6-F6D36A5401DE}.Release|Any CPU.Build.0 = Release|Any CPU
		{6D416136-CD01-48CF-B7FD-9B7D7980D232}.Debug|Any CPU.ActiveCfg = Debug|Any CPU
		{6D416136-CD01-48CF-B7FD-9B7D7980D232}.Debug|Any CPU.Build.0 = Debug|Any CPU
		{6D416136-CD01-48CF-B7FD-9B7D7980D232}.Release|Any CPU.ActiveCfg = Release|Any CPU
		{6D416136-CD01-48CF-B7FD-9B7D7980D232}.Release|Any CPU.Build.0 = Release|Any CPU
		{F12B940E-910D-4A4B-856A-2DAC5D7846C1}.Debug|Any CPU.ActiveCfg = Debug|Any CPU
		{F12B940E-910D-4A4B-856A-2DAC5D7846C1}.Debug|Any CPU.Build.0 = Debug|Any CPU
		{F12B940E-910D-4A4B-856A-2DAC5D7846C1}.Release|Any CPU.ActiveCfg = Release|Any CPU
		{F12B940E-910D-4A4B-856A-2DAC5D7846C1}.Release|Any CPU.Build.0 = Release|Any CPU
		{DCD72569-97E0-4DD1-AF42-BBF76A413079}.Debug|Any CPU.ActiveCfg = Debug|Any CPU
		{DCD72569-97E0-4DD1-AF42-BBF76A413079}.Debug|Any CPU.Build.0 = Debug|Any CPU
		{DCD72569-97E0-4DD1-AF42-BBF76A413079}.Release|Any CPU.ActiveCfg = Release|Any CPU
		{DCD72569-97E0-4DD1-AF42-BBF76A413079}.Release|Any CPU.Build.0 = Release|Any CPU
		{FF3ECF64-6594-4CB2-9D87-4C19380E77DC}.Debug|Any CPU.ActiveCfg = Debug|Any CPU
		{FF3ECF64-6594-4CB2-9D87-4C19380E77DC}.Debug|Any CPU.Build.0 = Debug|Any CPU
		{FF3ECF64-6594-4CB2-9D87-4C19380E77DC}.Release|Any CPU.ActiveCfg = Release|Any CPU
		{FF3ECF64-6594-4CB2-9D87-4C19380E77DC}.Release|Any CPU.Build.0 = Release|Any CPU
		{3E7E8084-DA58-44B7-B0CE-5517EE0353DA}.Debug|Any CPU.ActiveCfg = Debug|Any CPU
		{3E7E8084-DA58-44B7-B0CE-5517EE0353DA}.Debug|Any CPU.Build.0 = Debug|Any CPU
		{3E7E8084-DA58-44B7-B0CE-5517EE0353DA}.Release|Any CPU.ActiveCfg = Release|Any CPU
		{3E7E8084-DA58-44B7-B0CE-5517EE0353DA}.Release|Any CPU.Build.0 = Release|Any CPU
		{510FA49F-961D-4C69-9ABC-2AB6EF467063}.Debug|Any CPU.ActiveCfg = Debug|Any CPU
		{510FA49F-961D-4C69-9ABC-2AB6EF467063}.Debug|Any CPU.Build.0 = Debug|Any CPU
		{510FA49F-961D-4C69-9ABC-2AB6EF467063}.Release|Any CPU.ActiveCfg = Release|Any CPU
		{510FA49F-961D-4C69-9ABC-2AB6EF467063}.Release|Any CPU.Build.0 = Release|Any CPU
		{DBF33BA3-7937-49BD-95D6-FFD886E87ABE}.Debug|Any CPU.ActiveCfg = Debug|Any CPU
		{DBF33BA3-7937-49BD-95D6-FFD886E87ABE}.Debug|Any CPU.Build.0 = Debug|Any CPU
		{DBF33BA3-7937-49BD-95D6-FFD886E87ABE}.Release|Any CPU.ActiveCfg = Release|Any CPU
		{DBF33BA3-7937-49BD-95D6-FFD886E87ABE}.Release|Any CPU.Build.0 = Release|Any CPU
		{0B7293ED-FD78-4C65-822E-32D48D6B7AE3}.Debug|Any CPU.ActiveCfg = Debug|Any CPU
		{0B7293ED-FD78-4C65-822E-32D48D6B7AE3}.Debug|Any CPU.Build.0 = Debug|Any CPU
		{0B7293ED-FD78-4C65-822E-32D48D6B7AE3}.Release|Any CPU.ActiveCfg = Release|Any CPU
		{0B7293ED-FD78-4C65-822E-32D48D6B7AE3}.Release|Any CPU.Build.0 = Release|Any CPU
		{8C348AEA-5AE5-4593-BCC4-40457364A0AA}.Debug|Any CPU.ActiveCfg = Debug|Any CPU
		{8C348AEA-5AE5-4593-BCC4-40457364A0AA}.Debug|Any CPU.Build.0 = Debug|Any CPU
		{8C348AEA-5AE5-4593-BCC4-40457364A0AA}.Release|Any CPU.ActiveCfg = Release|Any CPU
		{8C348AEA-5AE5-4593-BCC4-40457364A0AA}.Release|Any CPU.Build.0 = Release|Any CPU
		{48DABC61-8E85-4383-BDCC-6E004CF393B2}.Debug|Any CPU.ActiveCfg = Debug|Any CPU
		{48DABC61-8E85-4383-BDCC-6E004CF393B2}.Debug|Any CPU.Build.0 = Debug|Any CPU
		{48DABC61-8E85-4383-BDCC-6E004CF393B2}.Release|Any CPU.ActiveCfg = Release|Any CPU
		{48DABC61-8E85-4383-BDCC-6E004CF393B2}.Release|Any CPU.Build.0 = Release|Any CPU
		{713C433B-46A8-4A71-9D20-767088C6D95F}.Debug|Any CPU.ActiveCfg = Debug|Any CPU
		{713C433B-46A8-4A71-9D20-767088C6D95F}.Debug|Any CPU.Build.0 = Debug|Any CPU
		{713C433B-46A8-4A71-9D20-767088C6D95F}.Release|Any CPU.ActiveCfg = Release|Any CPU
		{713C433B-46A8-4A71-9D20-767088C6D95F}.Release|Any CPU.Build.0 = Release|Any CPU
		{01DD4D6F-9B04-4F44-A542-4DA777129ECD}.Debug|Any CPU.ActiveCfg = Debug|Any CPU
		{01DD4D6F-9B04-4F44-A542-4DA777129ECD}.Debug|Any CPU.Build.0 = Debug|Any CPU
		{01DD4D6F-9B04-4F44-A542-4DA777129ECD}.Release|Any CPU.ActiveCfg = Release|Any CPU
		{01DD4D6F-9B04-4F44-A542-4DA777129ECD}.Release|Any CPU.Build.0 = Release|Any CPU
		{D486557D-3088-423C-8816-3847B935BF25}.Debug|Any CPU.ActiveCfg = Debug|Any CPU
		{D486557D-3088-423C-8816-3847B935BF25}.Debug|Any CPU.Build.0 = Debug|Any CPU
		{D486557D-3088-423C-8816-3847B935BF25}.Release|Any CPU.ActiveCfg = Release|Any CPU
		{D486557D-3088-423C-8816-3847B935BF25}.Release|Any CPU.Build.0 = Release|Any CPU
	EndGlobalSection
	GlobalSection(SolutionProperties) = preSolution
		HideSolutionNode = FALSE
	EndGlobalSection
	GlobalSection(NestedProjects) = preSolution
		{0D67AB32-E505-4AE8-A7D7-67EEA3F7573A} = {A76F0FA4-08DE-4BAA-AB7F-29FF76915EBC}
		{FD5D2F6C-9D7B-4678-B06D-D0C3538D9FA2} = {A76F0FA4-08DE-4BAA-AB7F-29FF76915EBC}
		{E7CD34AF-7728-49FD-ACBF-ADD744F96926} = {A76F0FA4-08DE-4BAA-AB7F-29FF76915EBC}
		{1B98F64D-4114-4AAA-AA1D-B29DCF5A02A5} = {A76F0FA4-08DE-4BAA-AB7F-29FF76915EBC}
		{23A64AC8-41C7-43F2-ADAB-2E6BB936BC2D} = {A76F0FA4-08DE-4BAA-AB7F-29FF76915EBC}
		{70F35A89-9F06-48F5-9FF1-C053C0D1F604} = {A76F0FA4-08DE-4BAA-AB7F-29FF76915EBC}
		{3140C97B-ADDE-4B20-8D50-AAB5473622BC} = {A76F0FA4-08DE-4BAA-AB7F-29FF76915EBC}
		{BC2799A5-E820-4316-A201-C91E4454C039} = {A76F0FA4-08DE-4BAA-AB7F-29FF76915EBC}
		{ABCCD642-ADD2-48DD-828D-C608F3624E93} = {A76F0FA4-08DE-4BAA-AB7F-29FF76915EBC}
		{B8A0DA01-D570-4CBC-85BE-18EE120AB327} = {A76F0FA4-08DE-4BAA-AB7F-29FF76915EBC}
		{59138E1C-88AE-4C63-9CED-9B24064B042F} = {A76F0FA4-08DE-4BAA-AB7F-29FF76915EBC}
		{5349EC53-E606-46D5-89D3-B4418EB01174} = {A76F0FA4-08DE-4BAA-AB7F-29FF76915EBC}
		{62DE77E3-EC61-496D-A9D9-C7FD8865436F} = {A76F0FA4-08DE-4BAA-AB7F-29FF76915EBC}
		{773310F2-3706-4DC1-B729-B6E0A28B8B78} = {A76F0FA4-08DE-4BAA-AB7F-29FF76915EBC}
		{292816E4-D4A5-4CA0-97A6-285A79407EC1} = {A76F0FA4-08DE-4BAA-AB7F-29FF76915EBC}
		{F73A71CC-6BC5-4216-8145-2B6A24A3716C} = {A76F0FA4-08DE-4BAA-AB7F-29FF76915EBC}
		{64CAA820-C4E1-4DEE-89CC-FAC68E90F304} = {A76F0FA4-08DE-4BAA-AB7F-29FF76915EBC}
		{3AE032B1-6E44-49F5-B587-953B60C92D76} = {A76F0FA4-08DE-4BAA-AB7F-29FF76915EBC}
		{AE7A6CED-1353-4B6B-B269-216E207B0100} = {A76F0FA4-08DE-4BAA-AB7F-29FF76915EBC}
		{41283E60-CE86-4683-BBC5-3A8E404ED19E} = {A76F0FA4-08DE-4BAA-AB7F-29FF76915EBC}
		{EE1934FB-B4FF-41C9-99AD-90D3B8BDDB14} = {A76F0FA4-08DE-4BAA-AB7F-29FF76915EBC}
		{0452FF0A-3D5A-4624-B6B5-01F63FE33FAC} = {A76F0FA4-08DE-4BAA-AB7F-29FF76915EBC}
		{735BD6AB-8A10-4278-AE53-E8CBF906EF99} = {A76F0FA4-08DE-4BAA-AB7F-29FF76915EBC}
		{44ACAC52-2B7A-4113-9D3F-C5A5D53DC1CB} = {A76F0FA4-08DE-4BAA-AB7F-29FF76915EBC}
		{F5E6BAE4-6962-4FEA-8BAA-7FB309FC45B0} = {A76F0FA4-08DE-4BAA-AB7F-29FF76915EBC}
		{E81D8B4B-E1CC-4069-8F2C-47A2A0DE9244} = {A76F0FA4-08DE-4BAA-AB7F-29FF76915EBC}
		{016D8A6B-1E7B-48C0-B997-43E6BC5DD046} = {A76F0FA4-08DE-4BAA-AB7F-29FF76915EBC}
		{4CCBBD76-028E-4E77-A030-EEB41F617C09} = {A76F0FA4-08DE-4BAA-AB7F-29FF76915EBC}
		{686107C9-E499-467E-968A-DD07E99167F8} = {A76F0FA4-08DE-4BAA-AB7F-29FF76915EBC}
		{39F80710-9836-4850-B912-960DBAA11AB9} = {A76F0FA4-08DE-4BAA-AB7F-29FF76915EBC}
		{8E4A6F78-674C-417C-9DE7-91ECB1EE6BB6} = {A76F0FA4-08DE-4BAA-AB7F-29FF76915EBC}
		{9FB91CE3-ED53-42FE-87A1-06090E0B9FDC} = {A76F0FA4-08DE-4BAA-AB7F-29FF76915EBC}
		{57A4CED6-6BC2-4F81-9DA5-FBCF139A9CA2} = {A76F0FA4-08DE-4BAA-AB7F-29FF76915EBC}
		{866055C5-9C30-4E59-84CF-3458A8C2A090} = {A76F0FA4-08DE-4BAA-AB7F-29FF76915EBC}
		{DE08C8B6-A785-4EE1-BC35-8B99B613486C} = {A76F0FA4-08DE-4BAA-AB7F-29FF76915EBC}
		{17CAD8FB-14F6-4EF5-9F2B-E3ABCFAE3C82} = {A76F0FA4-08DE-4BAA-AB7F-29FF76915EBC}
		{06807172-8C63-437E-A82E-6BB33E4AAA08} = {A76F0FA4-08DE-4BAA-AB7F-29FF76915EBC}
		{E3B38D03-15C5-436C-B9EC-CB098704F21B} = {A76F0FA4-08DE-4BAA-AB7F-29FF76915EBC}
		{BFB9B644-5D10-4B21-BC93-F045CEF6480A} = {A76F0FA4-08DE-4BAA-AB7F-29FF76915EBC}
		{0215D133-3D0B-44DF-9C06-D5056DBE510C} = {A76F0FA4-08DE-4BAA-AB7F-29FF76915EBC}
		{DFC91C60-F65C-4CB0-A7BC-C6D682393330} = {A76F0FA4-08DE-4BAA-AB7F-29FF76915EBC}
		{2F987796-E943-4530-91B4-4F2233F8BE3F} = {A76F0FA4-08DE-4BAA-AB7F-29FF76915EBC}
		{CD83F7FB-C596-4523-BE6C-B9FB269C0703} = {A76F0FA4-08DE-4BAA-AB7F-29FF76915EBC}
		{3AFE10F0-F418-47C7-93CB-BD3B8DC4EF96} = {A76F0FA4-08DE-4BAA-AB7F-29FF76915EBC}
		{7EE5FC87-9FE9-4F20-A976-32AD5E92B5DE} = {A76F0FA4-08DE-4BAA-AB7F-29FF76915EBC}
		{B1E7B6C3-5195-4FFF-8878-32D0C6F7FFDE} = {A76F0FA4-08DE-4BAA-AB7F-29FF76915EBC}
		{E8365E6B-C575-4707-90A9-D0422EEABE59} = {A76F0FA4-08DE-4BAA-AB7F-29FF76915EBC}
		{AA6A735B-0F1C-4F0D-888B-A8F2F3A2D10E} = {A76F0FA4-08DE-4BAA-AB7F-29FF76915EBC}
		{FB3CF4E6-6524-4B67-8AED-633C1A332087} = {A76F0FA4-08DE-4BAA-AB7F-29FF76915EBC}
		{63906D7D-4AF5-40AF-B77A-D7EA5667DE54} = {A76F0FA4-08DE-4BAA-AB7F-29FF76915EBC}
		{E8882BB7-012C-4D1B-8AA4-CDC4EFF5F1E7} = {A76F0FA4-08DE-4BAA-AB7F-29FF76915EBC}
		{64E33019-BBB4-482C-A8CD-2CC45CD0447A} = {A76F0FA4-08DE-4BAA-AB7F-29FF76915EBC}
		{CEB6E2F6-28A2-4C78-B711-58141DD64683} = {A76F0FA4-08DE-4BAA-AB7F-29FF76915EBC}
		{E79F0E88-20B5-427D-B311-0EE58FD064A2} = {A76F0FA4-08DE-4BAA-AB7F-29FF76915EBC}
		{E4EE796B-66A7-4696-9B5D-BEA0E99AFD6C} = {A76F0FA4-08DE-4BAA-AB7F-29FF76915EBC}
		{4E7E17D3-2B10-4A9E-ACBF-D9E7F5424281} = {A76F0FA4-08DE-4BAA-AB7F-29FF76915EBC}
		{44667FE4-D61F-4D64-A70A-56A55799F3DF} = {A76F0FA4-08DE-4BAA-AB7F-29FF76915EBC}
		{7FD19E0D-EA36-4DEC-A16B-1F3D85EE0673} = {A76F0FA4-08DE-4BAA-AB7F-29FF76915EBC}
		{599F43DA-A6C5-43CA-8AB2-50A22CE47619} = {A76F0FA4-08DE-4BAA-AB7F-29FF76915EBC}
		{67A350C2-04F4-457C-86C6-F60CB31DBC0C} = {A76F0FA4-08DE-4BAA-AB7F-29FF76915EBC}
		{4A5F7278-E16D-4F37-8F30-11F7D7AB2AE8} = {A76F0FA4-08DE-4BAA-AB7F-29FF76915EBC}
		{16DBA336-FF7C-4E21-887B-C44CE1E97DA0} = {A76F0FA4-08DE-4BAA-AB7F-29FF76915EBC}
		{8FE0ABA0-C2E5-440D-9A35-4D7F8C29424F} = {A76F0FA4-08DE-4BAA-AB7F-29FF76915EBC}
		{CF599342-A7BE-44D2-B872-23313923873E} = {A76F0FA4-08DE-4BAA-AB7F-29FF76915EBC}
		{F8C26828-3E7A-48DC-A4C0-E3DDAC2DDF9F} = {A76F0FA4-08DE-4BAA-AB7F-29FF76915EBC}
		{724C7FA6-312E-4F7D-BFD8-695984C76467} = {A76F0FA4-08DE-4BAA-AB7F-29FF76915EBC}
		{D8776F76-E54C-41F6-9FBF-B3DD464BCFB3} = {A76F0FA4-08DE-4BAA-AB7F-29FF76915EBC}
		{8387CFDE-4CF1-458D-8574-F0C1974F6B58} = {A76F0FA4-08DE-4BAA-AB7F-29FF76915EBC}
		{4D7D276F-6AB9-4B44-BF24-314376AE132C} = {A76F0FA4-08DE-4BAA-AB7F-29FF76915EBC}
		{14CE91F9-AEE6-4815-87F7-F0FC5A2B2F61} = {A76F0FA4-08DE-4BAA-AB7F-29FF76915EBC}
		{9A9D7ADD-967B-470B-B017-A35981BA7C94} = {A76F0FA4-08DE-4BAA-AB7F-29FF76915EBC}
		{9ADF4076-5155-47F1-B3F1-2A21D2E2574C} = {A76F0FA4-08DE-4BAA-AB7F-29FF76915EBC}
		{20B62F91-86B0-449D-8D9B-95C22B242688} = {A76F0FA4-08DE-4BAA-AB7F-29FF76915EBC}
		{8D124167-3972-406D-B7C7-5A9878D9C7F4} = {A76F0FA4-08DE-4BAA-AB7F-29FF76915EBC}
		{4C10385C-EE40-4360-A9C5-520566E2EB86} = {A76F0FA4-08DE-4BAA-AB7F-29FF76915EBC}
		{6888FCB6-EAB9-4D9D-B0ED-9E0FE0D87476} = {A76F0FA4-08DE-4BAA-AB7F-29FF76915EBC}
		{88F51294-7CA0-4C93-8566-419E55464B21} = {A76F0FA4-08DE-4BAA-AB7F-29FF76915EBC}
		{F943FB6C-8858-482E-8C24-0034E627F9F1} = {A76F0FA4-08DE-4BAA-AB7F-29FF76915EBC}
		{4FB58A80-B925-457A-980D-E0F1101451AA} = {A76F0FA4-08DE-4BAA-AB7F-29FF76915EBC}
		{1C2A157D-0C4F-470B-B5D6-9997B43966B2} = {A76F0FA4-08DE-4BAA-AB7F-29FF76915EBC}
		{A80D69D6-1C1F-4BB8-8352-1DADF44A662B} = {A76F0FA4-08DE-4BAA-AB7F-29FF76915EBC}
		{70126E1C-B22D-4BAD-930C-B7BE91E52E5F} = {A76F0FA4-08DE-4BAA-AB7F-29FF76915EBC}
		{7A1ADD52-F21B-44D0-BFA6-F6D36A5401DE} = {A76F0FA4-08DE-4BAA-AB7F-29FF76915EBC}
		{6D416136-CD01-48CF-B7FD-9B7D7980D232} = {A76F0FA4-08DE-4BAA-AB7F-29FF76915EBC}
		{F12B940E-910D-4A4B-856A-2DAC5D7846C1} = {A76F0FA4-08DE-4BAA-AB7F-29FF76915EBC}
		{DCD72569-97E0-4DD1-AF42-BBF76A413079} = {A76F0FA4-08DE-4BAA-AB7F-29FF76915EBC}
		{FF3ECF64-6594-4CB2-9D87-4C19380E77DC} = {A76F0FA4-08DE-4BAA-AB7F-29FF76915EBC}
		{3E7E8084-DA58-44B7-B0CE-5517EE0353DA} = {A76F0FA4-08DE-4BAA-AB7F-29FF76915EBC}
		{510FA49F-961D-4C69-9ABC-2AB6EF467063} = {A76F0FA4-08DE-4BAA-AB7F-29FF76915EBC}
		{DBF33BA3-7937-49BD-95D6-FFD886E87ABE} = {A76F0FA4-08DE-4BAA-AB7F-29FF76915EBC}
		{0B7293ED-FD78-4C65-822E-32D48D6B7AE3} = {A76F0FA4-08DE-4BAA-AB7F-29FF76915EBC}
		{8C348AEA-5AE5-4593-BCC4-40457364A0AA} = {A76F0FA4-08DE-4BAA-AB7F-29FF76915EBC}
		{48DABC61-8E85-4383-BDCC-6E004CF393B2} = {A76F0FA4-08DE-4BAA-AB7F-29FF76915EBC}
		{713C433B-46A8-4A71-9D20-767088C6D95F} = {A76F0FA4-08DE-4BAA-AB7F-29FF76915EBC}
		{01DD4D6F-9B04-4F44-A542-4DA777129ECD} = {A76F0FA4-08DE-4BAA-AB7F-29FF76915EBC}
		{D486557D-3088-423C-8816-3847B935BF25} = {A76F0FA4-08DE-4BAA-AB7F-29FF76915EBC}
	EndGlobalSection
	GlobalSection(ExtensibilityGlobals) = postSolution
		SolutionGuid = {6B29803B-76CD-4B1F-9443-66BA909C09BA}
	EndGlobalSection
EndGlobal
