
Microsoft Visual Studio Solution File, Format Version 12.00
# Visual Studio Version 17
VisualStudioVersion = 17.5.002.0
MinimumVisualStudioVersion = 10.0.40219.1
Project("{2150E333-8FDC-42A3-9474-1A3956D46DE8}") = "CSharpProjects", "CSharpProjects", "{A76F0FA4-08DE-4BAA-AB7F-29FF76915EBC}"
EndProject
Project("{9A19103F-16F7-4668-BE54-9A1E7A4F7556}") = "CT01FCS_R02M04U02", "CSharpProjects\CT01FCS_R02M04U02\CT01FCS_R02M04U02.csproj", "{0D67AB32-E505-4AE8-A7D7-67EEA3F7573A}"
EndProject
Project("{9A19103F-16F7-4668-BE54-9A1E7A4F7556}") = "CT01FCS_R02M04U03", "CSharpProjects\CT01FCS_R02M04U03\CT01FCS_R02M04U03.csproj", "{FD5D2F6C-9D7B-4678-B06D-D0C3538D9FA2}"
EndProject
Project("{9A19103F-16F7-4668-BE54-9A1E7A4F7556}") = "CT01FCS_R02M04U04", "CSharpProjects\CT01FCS_R02M04U04\CT01FCS_R02M04U04.csproj", "{E7CD34AF-7728-49FD-ACBF-ADD744F96926}"
EndProject
Project("{9A19103F-16F7-4668-BE54-9A1E7A4F7556}") = "CT01FCS_R02M05U02", "CSharpProjects\CT01FCS_R02M05U02\CT01FCS_R02M05U02.csproj", "{1B98F64D-4114-4AAA-AA1D-B29DCF5A02A5}"
EndProject
Project("{9A19103F-16F7-4668-BE54-9A1E7A4F7556}") = "CT01FCS_R02M05U03", "CSharpProjects\CT01FCS_R02M05U03\CT01FCS_R02M05U03.csproj", "{23A64AC8-41C7-43F2-ADAB-2E6BB936BC2D}"
EndProject
Project("{9A19103F-16F7-4668-BE54-9A1E7A4F7556}") = "CT01FCS_R02M05U04", "CSharpProjects\CT01FCS_R02M05U04\CT01FCS_R02M05U04.csproj", "{70F35A89-9F06-48F5-9FF1-C053C0D1F604}"
EndProject
Project("{9A19103F-16F7-4668-BE54-9A1E7A4F7556}") = "CT01FCS_R02M05U05", "CSharpProjects\CT01FCS_R02M05U05\CT01FCS_R02M05U05.csproj", "{3140C97B-ADDE-4B20-8D50-AAB5473622BC}"
EndProject
Project("{9A19103F-16F7-4668-BE54-9A1E7A4F7556}") = "CT01FCS_R02M05U06", "CSharpProjects\CT01FCS_R02M05U06\CT01FCS_R02M05U06.csproj", "{BC2799A5-E820-4316-A201-C91E4454C039}"
EndProject
Project("{9A19103F-16F7-4668-BE54-9A1E7A4F7556}") = "CT01FCS_R02M06U02", "CSharpProjects\CT01FCS_R02M06U02\CT01FCS_R02M06U02.csproj", "{ABCCD642-ADD2-48DD-828D-C608F3624E93}"
EndProject
Project("{9A19103F-16F7-4668-BE54-9A1E7A4F7556}") = "CT01FCS_R02M06U03", "CSharpProjects\CT01FCS_R02M06U03\CT01FCS_R02M06U03.csproj", "{B8A0DA01-D570-4CBC-85BE-18EE120AB327}"
EndProject
Project("{9A19103F-16F7-4668-BE54-9A1E7A4F7556}") = "CT01FCS_R02M06U04", "CSharpProjects\CT01FCS_R02M06U04\CT01FCS_R02M06U04.csproj", "{59138E1C-88AE-4C63-9CED-9B24064B042F}"
EndProject
Project("{9A19103F-16F7-4668-BE54-9A1E7A4F7556}") = "CT01FCS_R02M06U05", "CSharpProjects\CT01FCS_R02M06U05\CT01FCS_R02M06U05.csproj", "{5349EC53-E606-46D5-89D3-B4418EB01174}"
EndProject
Project("{9A19103F-16F7-4668-BE54-9A1E7A4F7556}") = "CT01FCS_R03M01U02", "CSharpProjects\CT01FCS_R03M01U02\CT01FCS_R03M01U02.csproj", "{62DE77E3-EC61-496D-A9D9-C7FD8865436F}"
EndProject
Project("{9A19103F-16F7-4668-BE54-9A1E7A4F7556}") = "CT01FCS_R03M01U03", "CSharpProjects\CT01FCS_R03M01U03\CT01FCS_R03M01U03.csproj", "{773310F2-3706-4DC1-B729-B6E0A28B8B78}"
EndProject
Project("{9A19103F-16F7-4668-BE54-9A1E7A4F7556}") = "CT01FCS_R03M01U04", "CSharpProjects\CT01FCS_R03M01U04\CT01FCS_R03M01U04.csproj", "{292816E4-D4A5-4CA0-97A6-285A79407EC1}"
EndProject
Project("{9A19103F-16F7-4668-BE54-9A1E7A4F7556}") = "CT01FCS_R03M01U06", "CSharpProjects\CT01FCS_R03M01U06\CT01FCS_R03M01U06.csproj", "{F73A71CC-6BC5-4216-8145-2B6A24A3716C}"
EndProject
Project("{9A19103F-16F7-4668-BE54-9A1E7A4F7556}") = "CT01FCS_R03M02U02", "CSharpProjects\CT01FCS_R03M02U02\CT01FCS_R03M02U02.csproj", "{64CAA820-C4E1-4DEE-89CC-FAC68E90F304}"
EndProject
Project("{9A19103F-16F7-4668-BE54-9A1E7A4F7556}") = "CT01FCS_R03M02U03", "CSharpProjects\CT01FCS_R03M02U03\CT01FCS_R03M02U03.csproj", "{3AE032B1-6E44-49F5-B587-953B60C92D76}"
EndProject
Project("{9A19103F-16F7-4668-BE54-9A1E7A4F7556}") = "CT01FCS_R03M02U04", "CSharpProjects\CT01FCS_R03M02U04\CT01FCS_R03M02U04.csproj", "{AE7A6CED-1353-4B6B-B269-216E207B0100}"
EndProject
Project("{9A19103F-16F7-4668-BE54-9A1E7A4F7556}") = "CT01FCS_R03M03U02", "CSharpProjects\CT01FCS_R03M03U02\CT01FCS_R03M03U02.csproj", "{41283E60-CE86-4683-BBC5-3A8E404ED19E}"
EndProject
Project("{9A19103F-16F7-4668-BE54-9A1E7A4F7556}") = "CT01FCS_R03M03U03", "CSharpProjects\CT01FCS_R03M03U03\CT01FCS_R03M03U03.csproj", "{EE1934FB-B4FF-41C9-99AD-90D3B8BDDB14}"
EndProject
Project("{9A19103F-16F7-4668-BE54-9A1E7A4F7556}") = "CT01FCS_R03M04U02", "CSharpProjects\CT01FCS_R03M04U02\CT01FCS_R03M04U02.csproj", "{0452FF0A-3D5A-4624-B6B5-01F63FE33FAC}"
EndProject
Project("{9A19103F-16F7-4668-BE54-9A1E7A4F7556}") = "CT01FCS_R03M04U03", "CSharpProjects\CT01FCS_R03M04U03\CT01FCS_R03M04U03.csproj", "{735BD6AB-8A10-4278-AE53-E8CBF906EF99}"
EndProject
Project("{9A19103F-16F7-4668-BE54-9A1E7A4F7556}") = "CT01FCS_R03M05U02", "CSharpProjects\CT01FCS_R03M05U02\CT01FCS_R03M05U02.csproj", "{44ACAC52-2B7A-4113-9D3F-C5A5D53DC1CB}"
EndProject
Project("{9A19103F-16F7-4668-BE54-9A1E7A4F7556}") = "CT01FCS_R03M05U03", "CSharpProjects\CT01FCS_R03M05U03\CT01FCS_R03M05U03.csproj", "{F5E6BAE4-6962-4FEA-8BAA-7FB309FC45B0}"
EndProject
Project("{9A19103F-16F7-4668-BE54-9A1E7A4F7556}") = "CT01FCS_R03M05U05", "CSharpProjects\CT01FCS_R03M05U05\CT01FCS_R03M05U05.csproj", "{E81D8B4B-E1CC-4069-8F2C-47A2A0DE9244}"
EndProject
Project("{9A19103F-16F7-4668-BE54-9A1E7A4F7556}") = "CT01FCS_R03M06U02", "CSharpProjects\CT01FCS_R03M06U02\CT01FCS_R03M06U02.csproj", "{016D8A6B-1E7B-48C0-B997-43E6BC5DD046}"
EndProject
Project("{9A19103F-16F7-4668-BE54-9A1E7A4F7556}") = "CT01FCS_R03M06U03", "CSharpProjects\CT01FCS_R03M06U03\CT01FCS_R03M06U03.csproj", "{4CCBBD76-028E-4E77-A030-EEB41F617C09}"
EndProject
Project("{9A19103F-16F7-4668-BE54-9A1E7A4F7556}") = "CT01FCS_R03M06U04", "CSharpProjects\CT01FCS_R03M06U04\CT01FCS_R03M06U04.csproj", "{686107C9-E499-467E-968A-DD07E99167F8}"
EndProject
Project("{9A19103F-16F7-4668-BE54-9A1E7A4F7556}") = "CT01FCS_R03M06U05", "CSharpProjects\CT01FCS_R03M06U05\CT01FCS_R03M06U05.csproj", "{39F80710-9836-4850-B912-960DBAA11AB9}"
EndProject
Project("{9A19103F-16F7-4668-BE54-9A1E7A4F7556}") = "CT01FCS_R03M06U06", "CSharpProjects\CT01FCS_R03M06U06\CT01FCS_R03M06U06.csproj", "{8E4A6F78-674C-417C-9DE7-91ECB1EE6BB6}"
EndProject
Project("{9A19103F-16F7-4668-BE54-9A1E7A4F7556}") = "CT01FCS_R03M07U02", "CSharpProjects\CT01FCS_R03M07U02\CT01FCS_R03M07U02.csproj", "{9FB91CE3-ED53-42FE-87A1-06090E0B9FDC}"
EndProject
Project("{9A19103F-16F7-4668-BE54-9A1E7A4F7556}") = "CT01FCS_R03M07U03", "CSharpProjects\CT01FCS_R03M07U03\CT01FCS_R03M07U03.csproj", "{57A4CED6-6BC2-4F81-9DA5-FBCF139A9CA2}"
EndProject
Project("{9A19103F-16F7-4668-BE54-9A1E7A4F7556}") = "CT01FCS_R03M07U04", "CSharpProjects\CT01FCS_R03M07U04\CT01FCS_R03M07U04.csproj", "{866055C5-9C30-4E59-84CF-3458A8C2A090}"
EndProject
Project("{9A19103F-16F7-4668-BE54-9A1E7A4F7556}") = "CT01FCS_R04M01U03", "CSharpProjects\CT01FCS_R04M01U03\CT01FCS_R04M01U03.csproj", "{DE08C8B6-A785-4EE1-BC35-8B99B613486C}"
EndProject
Project("{9A19103F-16F7-4668-BE54-9A1E7A4F7556}") = "CT01FCS_R04M01U04", "CSharpProjects\CT01FCS_R04M01U04\CT01FCS_R04M01U04.csproj", "{17CAD8FB-14F6-4EF5-9F2B-E3ABCFAE3C82}"
EndProject
Project("{9A19103F-16F7-4668-BE54-9A1E7A4F7556}") = "CT01FCS_R04M01U05", "CSharpProjects\CT01FCS_R04M01U05\CT01FCS_R04M01U05.csproj", "{06807172-8C63-437E-A82E-6BB33E4AAA08}"
EndProject
Project("{9A19103F-16F7-4668-BE54-9A1E7A4F7556}") = "CT01FCS_R04M02U02", "CSharpProjects\CT01FCS_R04M02U02\CT01FCS_R04M02U02.csproj", "{E3B38D03-15C5-436C-B9EC-CB098704F21B}"
EndProject
Project("{9A19103F-16F7-4668-BE54-9A1E7A4F7556}") = "CT01FCS_R04M02U03", "CSharpProjects\CT01FCS_R04M02U03\CT01FCS_R04M02U03.csproj", "{BFB9B644-5D10-4B21-BC93-F045CEF6480A}"
EndProject
Project("{9A19103F-16F7-4668-BE54-9A1E7A4F7556}") = "CT01FCS_R04M02U04", "CSharpProjects\CT01FCS_R04M02U04\CT01FCS_R04M02U04.csproj", "{0215D133-3D0B-44DF-9C06-D5056DBE510C}"
EndProject
Project("{9A19103F-16F7-4668-BE54-9A1E7A4F7556}") = "CT01FCS_R04M02U06", "CSharpProjects\CT01FCS_R04M02U06\CT01FCS_R04M02U06.csproj", "{DFC91C60-F65C-4CB0-A7BC-C6D682393330}"
EndProject
Project("{9A19103F-16F7-4668-BE54-9A1E7A4F7556}") = "CT01FCS_R04M03U02", "CSharpProjects\CT01FCS_R04M03U02\CT01FCS_R04M03U02.csproj", "{2F987796-E943-4530-91B4-4F2233F8BE3F}"
EndProject
Project("{9A19103F-16F7-4668-BE54-9A1E7A4F7556}") = "CT01FCS_R04M03U03", "CSharpProjects\CT01FCS_R04M03U03\CT01FCS_R04M03U03.csproj", "{CD83F7FB-C596-4523-BE6C-B9FB269C0703}"
EndProject
Project("{9A19103F-16F7-4668-BE54-9A1E7A4F7556}") = "CT01FCS_R04M03U04", "CSharpProjects\CT01FCS_R04M03U04\CT01FCS_R04M03U04.csproj", "{3AFE10F0-F418-47C7-93CB-BD3B8DC4EF96}"
EndProject
Project("{9A19103F-16F7-4668-BE54-9A1E7A4F7556}") = "CT01FCS_R04M03U05", "CSharpProjects\CT01FCS_R04M03U05\CT01FCS_R04M03U05.csproj", "{7EE5FC87-9FE9-4F20-A976-32AD5E92B5DE}"
EndProject
Project("{9A19103F-16F7-4668-BE54-9A1E7A4F7556}") = "CT01FCS_R04M03U07", "CSharpProjects\CT01FCS_R04M03U07\CT01FCS_R04M03U07.csproj", "{B1E7B6C3-5195-4FFF-8878-32D0C6F7FFDE}"
EndProject
Global
	GlobalSection(SolutionConfigurationPlatforms) = preSolution
		Debug|Any CPU = Debug|Any CPU
		Release|Any CPU = Release|Any CPU
	EndGlobalSection
	GlobalSection(ProjectConfigurationPlatforms) = postSolution
		{0D67AB32-E505-4AE8-A7D7-67EEA3F7573A}.Debug|Any CPU.ActiveCfg = Debug|Any CPU
		{0D67AB32-E505-4AE8-A7D7-67EEA3F7573A}.Debug|Any CPU.Build.0 = Debug|Any CPU
		{0D67AB32-E505-4AE8-A7D7-67EEA3F7573A}.Release|Any CPU.ActiveCfg = Release|Any CPU
		{0D67AB32-E505-4AE8-A7D7-67EEA3F7573A}.Release|Any CPU.Build.0 = Release|Any CPU
		{FD5D2F6C-9D7B-4678-B06D-D0C3538D9FA2}.Debug|Any CPU.ActiveCfg = Debug|Any CPU
		{FD5D2F6C-9D7B-4678-B06D-D0C3538D9FA2}.Debug|Any CPU.Build.0 = Debug|Any CPU
		{FD5D2F6C-9D7B-4678-B06D-D0C3538D9FA2}.Release|Any CPU.ActiveCfg = Release|Any CPU
		{FD5D2F6C-9D7B-4678-B06D-D0C3538D9FA2}.Release|Any CPU.Build.0 = Release|Any CPU
		{E7CD34AF-7728-49FD-ACBF-ADD744F96926}.Debug|Any CPU.ActiveCfg = Debug|Any CPU
		{E7CD34AF-7728-49FD-ACBF-ADD744F96926}.Debug|Any CPU.Build.0 = Debug|Any CPU
		{E7CD34AF-7728-49FD-ACBF-ADD744F96926}.Release|Any CPU.ActiveCfg = Release|Any CPU
		{E7CD34AF-7728-49FD-ACBF-ADD744F96926}.Release|Any CPU.Build.0 = Release|Any CPU
		{1B98F64D-4114-4AAA-AA1D-B29DCF5A02A5}.Debug|Any CPU.ActiveCfg = Debug|Any CPU
		{1B98F64D-4114-4AAA-AA1D-B29DCF5A02A5}.Debug|Any CPU.Build.0 = Debug|Any CPU
		{1B98F64D-4114-4AAA-AA1D-B29DCF5A02A5}.Release|Any CPU.ActiveCfg = Release|Any CPU
		{1B98F64D-4114-4AAA-AA1D-B29DCF5A02A5}.Release|Any CPU.Build.0 = Release|Any CPU
		{23A64AC8-41C7-43F2-ADAB-2E6BB936BC2D}.Debug|Any CPU.ActiveCfg = Debug|Any CPU
		{23A64AC8-41C7-43F2-ADAB-2E6BB936BC2D}.Debug|Any CPU.Build.0 = Debug|Any CPU
		{23A64AC8-41C7-43F2-ADAB-2E6BB936BC2D}.Release|Any CPU.ActiveCfg = Release|Any CPU
		{23A64AC8-41C7-43F2-ADAB-2E6BB936BC2D}.Release|Any CPU.Build.0 = Release|Any CPU
		{70F35A89-9F06-48F5-9FF1-C053C0D1F604}.Debug|Any CPU.ActiveCfg = Debug|Any CPU
		{70F35A89-9F06-48F5-9FF1-C053C0D1F604}.Debug|Any CPU.Build.0 = Debug|Any CPU
		{70F35A89-9F06-48F5-9FF1-C053C0D1F604}.Release|Any CPU.ActiveCfg = Release|Any CPU
		{70F35A89-9F06-48F5-9FF1-C053C0D1F604}.Release|Any CPU.Build.0 = Release|Any CPU
		{3140C97B-ADDE-4B20-8D50-AAB5473622BC}.Debug|Any CPU.ActiveCfg = Debug|Any CPU
		{3140C97B-ADDE-4B20-8D50-AAB5473622BC}.Debug|Any CPU.Build.0 = Debug|Any CPU
		{3140C97B-ADDE-4B20-8D50-AAB5473622BC}.Release|Any CPU.ActiveCfg = Release|Any CPU
		{3140C97B-ADDE-4B20-8D50-AAB5473622BC}.Release|Any CPU.Build.0 = Release|Any CPU
		{BC2799A5-E820-4316-A201-C91E4454C039}.Debug|Any CPU.ActiveCfg = Debug|Any CPU
		{BC2799A5-E820-4316-A201-C91E4454C039}.Debug|Any CPU.Build.0 = Debug|Any CPU
		{BC2799A5-E820-4316-A201-C91E4454C039}.Release|Any CPU.ActiveCfg = Release|Any CPU
		{BC2799A5-E820-4316-A201-C91E4454C039}.Release|Any CPU.Build.0 = Release|Any CPU
		{ABCCD642-ADD2-48DD-828D-C608F3624E93}.Debug|Any CPU.ActiveCfg = Debug|Any CPU
		{ABCCD642-ADD2-48DD-828D-C608F3624E93}.Debug|Any CPU.Build.0 = Debug|Any CPU
		{ABCCD642-ADD2-48DD-828D-C608F3624E93}.Release|Any CPU.ActiveCfg = Release|Any CPU
		{ABCCD642-ADD2-48DD-828D-C608F3624E93}.Release|Any CPU.Build.0 = Release|Any CPU
		{B8A0DA01-D570-4CBC-85BE-18EE120AB327}.Debug|Any CPU.ActiveCfg = Debug|Any CPU
		{B8A0DA01-D570-4CBC-85BE-18EE120AB327}.Debug|Any CPU.Build.0 = Debug|Any CPU
		{B8A0DA01-D570-4CBC-85BE-18EE120AB327}.Release|Any CPU.ActiveCfg = Release|Any CPU
		{B8A0DA01-D570-4CBC-85BE-18EE120AB327}.Release|Any CPU.Build.0 = Release|Any CPU
		{59138E1C-88AE-4C63-9CED-9B24064B042F}.Debug|Any CPU.ActiveCfg = Debug|Any CPU
		{59138E1C-88AE-4C63-9CED-9B24064B042F}.Debug|Any CPU.Build.0 = Debug|Any CPU
		{59138E1C-88AE-4C63-9CED-9B24064B042F}.Release|Any CPU.ActiveCfg = Release|Any CPU
		{59138E1C-88AE-4C63-9CED-9B24064B042F}.Release|Any CPU.Build.0 = Release|Any CPU
		{5349EC53-E606-46D5-89D3-B4418EB01174}.Debug|Any CPU.ActiveCfg = Debug|Any CPU
		{5349EC53-E606-46D5-89D3-B4418EB01174}.Debug|Any CPU.Build.0 = Debug|Any CPU
		{5349EC53-E606-46D5-89D3-B4418EB01174}.Release|Any CPU.ActiveCfg = Release|Any CPU
		{5349EC53-E606-46D5-89D3-B4418EB01174}.Release|Any CPU.Build.0 = Release|Any CPU
		{62DE77E3-EC61-496D-A9D9-C7FD8865436F}.Debug|Any CPU.ActiveCfg = Debug|Any CPU
		{62DE77E3-EC61-496D-A9D9-C7FD8865436F}.Debug|Any CPU.Build.0 = Debug|Any CPU
		{62DE77E3-EC61-496D-A9D9-C7FD8865436F}.Release|Any CPU.ActiveCfg = Release|Any CPU
		{62DE77E3-EC61-496D-A9D9-C7FD8865436F}.Release|Any CPU.Build.0 = Release|Any CPU
		{773310F2-3706-4DC1-B729-B6E0A28B8B78}.Debug|Any CPU.ActiveCfg = Debug|Any CPU
		{773310F2-3706-4DC1-B729-B6E0A28B8B78}.Debug|Any CPU.Build.0 = Debug|Any CPU
		{773310F2-3706-4DC1-B729-B6E0A28B8B78}.Release|Any CPU.ActiveCfg = Release|Any CPU
		{773310F2-3706-4DC1-B729-B6E0A28B8B78}.Release|Any CPU.Build.0 = Release|Any CPU
		{292816E4-D4A5-4CA0-97A6-285A79407EC1}.Debug|Any CPU.ActiveCfg = Debug|Any CPU
		{292816E4-D4A5-4CA0-97A6-285A79407EC1}.Debug|Any CPU.Build.0 = Debug|Any CPU
		{292816E4-D4A5-4CA0-97A6-285A79407EC1}.Release|Any CPU.ActiveCfg = Release|Any CPU
		{292816E4-D4A5-4CA0-97A6-285A79407EC1}.Release|Any CPU.Build.0 = Release|Any CPU
		{F73A71CC-6BC5-4216-8145-2B6A24A3716C}.Debug|Any CPU.ActiveCfg = Debug|Any CPU
		{F73A71CC-6BC5-4216-8145-2B6A24A3716C}.Debug|Any CPU.Build.0 = Debug|Any CPU
		{F73A71CC-6BC5-4216-8145-2B6A24A3716C}.Release|Any CPU.ActiveCfg = Release|Any CPU
		{F73A71CC-6BC5-4216-8145-2B6A24A3716C}.Release|Any CPU.Build.0 = Release|Any CPU
		{64CAA820-C4E1-4DEE-89CC-FAC68E90F304}.Debug|Any CPU.ActiveCfg = Debug|Any CPU
		{64CAA820-C4E1-4DEE-89CC-FAC68E90F304}.Debug|Any CPU.Build.0 = Debug|Any CPU
		{64CAA820-C4E1-4DEE-89CC-FAC68E90F304}.Release|Any CPU.ActiveCfg = Release|Any CPU
		{64CAA820-C4E1-4DEE-89CC-FAC68E90F304}.Release|Any CPU.Build.0 = Release|Any CPU
		{3AE032B1-6E44-49F5-B587-953B60C92D76}.Debug|Any CPU.ActiveCfg = Debug|Any CPU
		{3AE032B1-6E44-49F5-B587-953B60C92D76}.Debug|Any CPU.Build.0 = Debug|Any CPU
		{3AE032B1-6E44-49F5-B587-953B60C92D76}.Release|Any CPU.ActiveCfg = Release|Any CPU
		{3AE032B1-6E44-49F5-B587-953B60C92D76}.Release|Any CPU.Build.0 = Release|Any CPU
		{AE7A6CED-1353-4B6B-B269-216E207B0100}.Debug|Any CPU.ActiveCfg = Debug|Any CPU
		{AE7A6CED-1353-4B6B-B269-216E207B0100}.Debug|Any CPU.Build.0 = Debug|Any CPU
		{AE7A6CED-1353-4B6B-B269-216E207B0100}.Release|Any CPU.ActiveCfg = Release|Any CPU
		{AE7A6CED-1353-4B6B-B269-216E207B0100}.Release|Any CPU.Build.0 = Release|Any CPU
		{41283E60-CE86-4683-BBC5-3A8E404ED19E}.Debug|Any CPU.ActiveCfg = Debug|Any CPU
		{41283E60-CE86-4683-BBC5-3A8E404ED19E}.Debug|Any CPU.Build.0 = Debug|Any CPU
		{41283E60-CE86-4683-BBC5-3A8E404ED19E}.Release|Any CPU.ActiveCfg = Release|Any CPU
		{41283E60-CE86-4683-BBC5-3A8E404ED19E}.Release|Any CPU.Build.0 = Release|Any CPU
		{EE1934FB-B4FF-41C9-99AD-90D3B8BDDB14}.Debug|Any CPU.ActiveCfg = Debug|Any CPU
		{EE1934FB-B4FF-41C9-99AD-90D3B8BDDB14}.Debug|Any CPU.Build.0 = Debug|Any CPU
		{EE1934FB-B4FF-41C9-99AD-90D3B8BDDB14}.Release|Any CPU.ActiveCfg = Release|Any CPU
		{EE1934FB-B4FF-41C9-99AD-90D3B8BDDB14}.Release|Any CPU.Build.0 = Release|Any CPU
		{0452FF0A-3D5A-4624-B6B5-01F63FE33FAC}.Debug|Any CPU.ActiveCfg = Debug|Any CPU
		{0452FF0A-3D5A-4624-B6B5-01F63FE33FAC}.Debug|Any CPU.Build.0 = Debug|Any CPU
		{0452FF0A-3D5A-4624-B6B5-01F63FE33FAC}.Release|Any CPU.ActiveCfg = Release|Any CPU
		{0452FF0A-3D5A-4624-B6B5-01F63FE33FAC}.Release|Any CPU.Build.0 = Release|Any CPU
		{735BD6AB-8A10-4278-AE53-E8CBF906EF99}.Debug|Any CPU.ActiveCfg = Debug|Any CPU
		{735BD6AB-8A10-4278-AE53-E8CBF906EF99}.Debug|Any CPU.Build.0 = Debug|Any CPU
		{735BD6AB-8A10-4278-AE53-E8CBF906EF99}.Release|Any CPU.ActiveCfg = Release|Any CPU
		{735BD6AB-8A10-4278-AE53-E8CBF906EF99}.Release|Any CPU.Build.0 = Release|Any CPU
		{44ACAC52-2B7A-4113-9D3F-C5A5D53DC1CB}.Debug|Any CPU.ActiveCfg = Debug|Any CPU
		{44ACAC52-2B7A-4113-9D3F-C5A5D53DC1CB}.Debug|Any CPU.Build.0 = Debug|Any CPU
		{44ACAC52-2B7A-4113-9D3F-C5A5D53DC1CB}.Release|Any CPU.ActiveCfg = Release|Any CPU
		{44ACAC52-2B7A-4113-9D3F-C5A5D53DC1CB}.Release|Any CPU.Build.0 = Release|Any CPU
		{F5E6BAE4-6962-4FEA-8BAA-7FB309FC45B0}.Debug|Any CPU.ActiveCfg = Debug|Any CPU
		{F5E6BAE4-6962-4FEA-8BAA-7FB309FC45B0}.Debug|Any CPU.Build.0 = Debug|Any CPU
		{F5E6BAE4-6962-4FEA-8BAA-7FB309FC45B0}.Release|Any CPU.ActiveCfg = Release|Any CPU
		{F5E6BAE4-6962-4FEA-8BAA-7FB309FC45B0}.Release|Any CPU.Build.0 = Release|Any CPU
		{E81D8B4B-E1CC-4069-8F2C-47A2A0DE9244}.Debug|Any CPU.ActiveCfg = Debug|Any CPU
		{E81D8B4B-E1CC-4069-8F2C-47A2A0DE9244}.Debug|Any CPU.Build.0 = Debug|Any CPU
		{E81D8B4B-E1CC-4069-8F2C-47A2A0DE9244}.Release|Any CPU.ActiveCfg = Release|Any CPU
		{E81D8B4B-E1CC-4069-8F2C-47A2A0DE9244}.Release|Any CPU.Build.0 = Release|Any CPU
		{016D8A6B-1E7B-48C0-B997-43E6BC5DD046}.Debug|Any CPU.ActiveCfg = Debug|Any CPU
		{016D8A6B-1E7B-48C0-B997-43E6BC5DD046}.Debug|Any CPU.Build.0 = Debug|Any CPU
		{016D8A6B-1E7B-48C0-B997-43E6BC5DD046}.Release|Any CPU.ActiveCfg = Release|Any CPU
		{016D8A6B-1E7B-48C0-B997-43E6BC5DD046}.Release|Any CPU.Build.0 = Release|Any CPU
		{4CCBBD76-028E-4E77-A030-EEB41F617C09}.Debug|Any CPU.ActiveCfg = Debug|Any CPU
		{4CCBBD76-028E-4E77-A030-EEB41F617C09}.Debug|Any CPU.Build.0 = Debug|Any CPU
		{4CCBBD76-028E-4E77-A030-EEB41F617C09}.Release|Any CPU.ActiveCfg = Release|Any CPU
		{4CCBBD76-028E-4E77-A030-EEB41F617C09}.Release|Any CPU.Build.0 = Release|Any CPU
		{686107C9-E499-467E-968A-DD07E99167F8}.Debug|Any CPU.ActiveCfg = Debug|Any CPU
		{686107C9-E499-467E-968A-DD07E99167F8}.Debug|Any CPU.Build.0 = Debug|Any CPU
		{686107C9-E499-467E-968A-DD07E99167F8}.Release|Any CPU.ActiveCfg = Release|Any CPU
		{686107C9-E499-467E-968A-DD07E99167F8}.Release|Any CPU.Build.0 = Release|Any CPU
		{39F80710-9836-4850-B912-960DBAA11AB9}.Debug|Any CPU.ActiveCfg = Debug|Any CPU
		{39F80710-9836-4850-B912-960DBAA11AB9}.Debug|Any CPU.Build.0 = Debug|Any CPU
		{39F80710-9836-4850-B912-960DBAA11AB9}.Release|Any CPU.ActiveCfg = Release|Any CPU
		{39F80710-9836-4850-B912-960DBAA11AB9}.Release|Any CPU.Build.0 = Release|Any CPU
		{8E4A6F78-674C-417C-9DE7-91ECB1EE6BB6}.Debug|Any CPU.ActiveCfg = Debug|Any CPU
		{8E4A6F78-674C-417C-9DE7-91ECB1EE6BB6}.Debug|Any CPU.Build.0 = Debug|Any CPU
		{8E4A6F78-674C-417C-9DE7-91ECB1EE6BB6}.Release|Any CPU.ActiveCfg = Release|Any CPU
		{8E4A6F78-674C-417C-9DE7-91ECB1EE6BB6}.Release|Any CPU.Build.0 = Release|Any CPU
		{9FB91CE3-ED53-42FE-87A1-06090E0B9FDC}.Debug|Any CPU.ActiveCfg = Debug|Any CPU
		{9FB91CE3-ED53-42FE-87A1-06090E0B9FDC}.Debug|Any CPU.Build.0 = Debug|Any CPU
		{9FB91CE3-ED53-42FE-87A1-06090E0B9FDC}.Release|Any CPU.ActiveCfg = Release|Any CPU
		{9FB91CE3-ED53-42FE-87A1-06090E0B9FDC}.Release|Any CPU.Build.0 = Release|Any CPU
		{57A4CED6-6BC2-4F81-9DA5-FBCF139A9CA2}.Debug|Any CPU.ActiveCfg = Debug|Any CPU
		{57A4CED6-6BC2-4F81-9DA5-FBCF139A9CA2}.Debug|Any CPU.Build.0 = Debug|Any CPU
		{57A4CED6-6BC2-4F81-9DA5-FBCF139A9CA2}.Release|Any CPU.ActiveCfg = Release|Any CPU
		{57A4CED6-6BC2-4F81-9DA5-FBCF139A9CA2}.Release|Any CPU.Build.0 = Release|Any CPU
		{866055C5-9C30-4E59-84CF-3458A8C2A090}.Debug|Any CPU.ActiveCfg = Debug|Any CPU
		{866055C5-9C30-4E59-84CF-3458A8C2A090}.Debug|Any CPU.Build.0 = Debug|Any CPU
		{866055C5-9C30-4E59-84CF-3458A8C2A090}.Release|Any CPU.ActiveCfg = Release|Any CPU
		{866055C5-9C30-4E59-84CF-3458A8C2A090}.Release|Any CPU.Build.0 = Release|Any CPU
		{DE08C8B6-A785-4EE1-BC35-8B99B613486C}.Debug|Any CPU.ActiveCfg = Debug|Any CPU
		{DE08C8B6-A785-4EE1-BC35-8B99B613486C}.Debug|Any CPU.Build.0 = Debug|Any CPU
		{DE08C8B6-A785-4EE1-BC35-8B99B613486C}.Release|Any CPU.ActiveCfg = Release|Any CPU
		{DE08C8B6-A785-4EE1-BC35-8B99B613486C}.Release|Any CPU.Build.0 = Release|Any CPU
		{17CAD8FB-14F6-4EF5-9F2B-E3ABCFAE3C82}.Debug|Any CPU.ActiveCfg = Debug|Any CPU
		{17CAD8FB-14F6-4EF5-9F2B-E3ABCFAE3C82}.Debug|Any CPU.Build.0 = Debug|Any CPU
		{17CAD8FB-14F6-4EF5-9F2B-E3ABCFAE3C82}.Release|Any CPU.ActiveCfg = Release|Any CPU
		{17CAD8FB-14F6-4EF5-9F2B-E3ABCFAE3C82}.Release|Any CPU.Build.0 = Release|Any CPU
		{06807172-8C63-437E-A82E-6BB33E4AAA08}.Debug|Any CPU.ActiveCfg = Debug|Any CPU
		{06807172-8C63-437E-A82E-6BB33E4AAA08}.Debug|Any CPU.Build.0 = Debug|Any CPU
		{06807172-8C63-437E-A82E-6BB33E4AAA08}.Release|Any CPU.ActiveCfg = Release|Any CPU
		{06807172-8C63-437E-A82E-6BB33E4AAA08}.Release|Any CPU.Build.0 = Release|Any CPU
		{E3B38D03-15C5-436C-B9EC-CB098704F21B}.Debug|Any CPU.ActiveCfg = Debug|Any CPU
		{E3B38D03-15C5-436C-B9EC-CB098704F21B}.Debug|Any CPU.Build.0 = Debug|Any CPU
		{E3B38D03-15C5-436C-B9EC-CB098704F21B}.Release|Any CPU.ActiveCfg = Release|Any CPU
		{E3B38D03-15C5-436C-B9EC-CB098704F21B}.Release|Any CPU.Build.0 = Release|Any CPU
		{BFB9B644-5D10-4B21-BC93-F045CEF6480A}.Debug|Any CPU.ActiveCfg = Debug|Any CPU
		{BFB9B644-5D10-4B21-BC93-F045CEF6480A}.Debug|Any CPU.Build.0 = Debug|Any CPU
		{BFB9B644-5D10-4B21-BC93-F045CEF6480A}.Release|Any CPU.ActiveCfg = Release|Any CPU
		{BFB9B644-5D10-4B21-BC93-F045CEF6480A}.Release|Any CPU.Build.0 = Release|Any CPU
		{0215D133-3D0B-44DF-9C06-D5056DBE510C}.Debug|Any CPU.ActiveCfg = Debug|Any CPU
		{0215D133-3D0B-44DF-9C06-D5056DBE510C}.Debug|Any CPU.Build.0 = Debug|Any CPU
		{0215D133-3D0B-44DF-9C06-D5056DBE510C}.Release|Any CPU.ActiveCfg = Release|Any CPU
		{0215D133-3D0B-44DF-9C06-D5056DBE510C}.Release|Any CPU.Build.0 = Release|Any CPU
		{DFC91C60-F65C-4CB0-A7BC-C6D682393330}.Debug|Any CPU.ActiveCfg = Debug|Any CPU
		{DFC91C60-F65C-4CB0-A7BC-C6D682393330}.Debug|Any CPU.Build.0 = Debug|Any CPU
		{DFC91C60-F65C-4CB0-A7BC-C6D682393330}.Release|Any CPU.ActiveCfg = Release|Any CPU
		{DFC91C60-F65C-4CB0-A7BC-C6D682393330}.Release|Any CPU.Build.0 = Release|Any CPU
		{2F987796-E943-4530-91B4-4F2233F8BE3F}.Debug|Any CPU.ActiveCfg = Debug|Any CPU
		{2F987796-E943-4530-91B4-4F2233F8BE3F}.Debug|Any CPU.Build.0 = Debug|Any CPU
		{2F987796-E943-4530-91B4-4F2233F8BE3F}.Release|Any CPU.ActiveCfg = Release|Any CPU
		{2F987796-E943-4530-91B4-4F2233F8BE3F}.Release|Any CPU.Build.0 = Release|Any CPU
		{CD83F7FB-C596-4523-BE6C-B9FB269C0703}.Debug|Any CPU.ActiveCfg = Debug|Any CPU
		{CD83F7FB-C596-4523-BE6C-B9FB269C0703}.Debug|Any CPU.Build.0 = Debug|Any CPU
		{CD83F7FB-C596-4523-BE6C-B9FB269C0703}.Release|Any CPU.ActiveCfg = Release|Any CPU
		{CD83F7FB-C596-4523-BE6C-B9FB269C0703}.Release|Any CPU.Build.0 = Release|Any CPU
		{3AFE10F0-F418-47C7-93CB-BD3B8DC4EF96}.Debug|Any CPU.ActiveCfg = Debug|Any CPU
		{3AFE10F0-F418-47C7-93CB-BD3B8DC4EF96}.Debug|Any CPU.Build.0 = Debug|Any CPU
		{3AFE10F0-F418-47C7-93CB-BD3B8DC4EF96}.Release|Any CPU.ActiveCfg = Release|Any CPU
		{3AFE10F0-F418-47C7-93CB-BD3B8DC4EF96}.Release|Any CPU.Build.0 = Release|Any CPU
		{7EE5FC87-9FE9-4F20-A976-32AD5E92B5DE}.Debug|Any CPU.ActiveCfg = Debug|Any CPU
		{7EE5FC87-9FE9-4F20-A976-32AD5E92B5DE}.Debug|Any CPU.Build.0 = Debug|Any CPU
		{7EE5FC87-9FE9-4F20-A976-32AD5E92B5DE}.Release|Any CPU.ActiveCfg = Release|Any CPU
		{7EE5FC87-9FE9-4F20-A976-32AD5E92B5DE}.Release|Any CPU.Build.0 = Release|Any CPU
		{B1E7B6C3-5195-4FFF-8878-32D0C6F7FFDE}.Debug|Any CPU.ActiveCfg = Debug|Any CPU
		{B1E7B6C3-5195-4FFF-8878-32D0C6F7FFDE}.Debug|Any CPU.Build.0 = Debug|Any CPU
		{B1E7B6C3-5195-4FFF-8878-32D0C6F7FFDE}.Release|Any CPU.ActiveCfg = Release|Any CPU
		{B1E7B6C3-5195-4FFF-8878-32D0C6F7FFDE}.Release|Any CPU.Build.0 = Release|Any CPU
	EndGlobalSection
	GlobalSection(SolutionProperties) = preSolution
		HideSolutionNode = FALSE
	EndGlobalSection
	GlobalSection(NestedProjects) = preSolution
		{0D67AB32-E505-4AE8-A7D7-67EEA3F7573A} = {A76F0FA4-08DE-4BAA-AB7F-29FF76915EBC}
		{FD5D2F6C-9D7B-4678-B06D-D0C3538D9FA2} = {A76F0FA4-08DE-4BAA-AB7F-29FF76915EBC}
		{E7CD34AF-7728-49FD-ACBF-ADD744F96926} = {A76F0FA4-08DE-4BAA-AB7F-29FF76915EBC}
		{1B98F64D-4114-4AAA-AA1D-B29DCF5A02A5} = {A76F0FA4-08DE-4BAA-AB7F-29FF76915EBC}
		{23A64AC8-41C7-43F2-ADAB-2E6BB936BC2D} = {A76F0FA4-08DE-4BAA-AB7F-29FF76915EBC}
		{70F35A89-9F06-48F5-9FF1-C053C0D1F604} = {A76F0FA4-08DE-4BAA-AB7F-29FF76915EBC}
		{3140C97B-ADDE-4B20-8D50-AAB5473622BC} = {A76F0FA4-08DE-4BAA-AB7F-29FF76915EBC}
		{BC2799A5-E820-4316-A201-C91E4454C039} = {A76F0FA4-08DE-4BAA-AB7F-29FF76915EBC}
		{ABCCD642-ADD2-48DD-828D-C608F3624E93} = {A76F0FA4-08DE-4BAA-AB7F-29FF76915EBC}
		{B8A0DA01-D570-4CBC-85BE-18EE120AB327} = {A76F0FA4-08DE-4BAA-AB7F-29FF76915EBC}
		{59138E1C-88AE-4C63-9CED-9B24064B042F} = {A76F0FA4-08DE-4BAA-AB7F-29FF76915EBC}
		{5349EC53-E606-46D5-89D3-B4418EB01174} = {A76F0FA4-08DE-4BAA-AB7F-29FF76915EBC}
		{62DE77E3-EC61-496D-A9D9-C7FD8865436F} = {A76F0FA4-08DE-4BAA-AB7F-29FF76915EBC}
		{773310F2-3706-4DC1-B729-B6E0A28B8B78} = {A76F0FA4-08DE-4BAA-AB7F-29FF76915EBC}
		{292816E4-D4A5-4CA0-97A6-285A79407EC1} = {A76F0FA4-08DE-4BAA-AB7F-29FF76915EBC}
		{F73A71CC-6BC5-4216-8145-2B6A24A3716C} = {A76F0FA4-08DE-4BAA-AB7F-29FF76915EBC}
		{64CAA820-C4E1-4DEE-89CC-FAC68E90F304} = {A76F0FA4-08DE-4BAA-AB7F-29FF76915EBC}
		{3AE032B1-6E44-49F5-B587-953B60C92D76} = {A76F0FA4-08DE-4BAA-AB7F-29FF76915EBC}
		{AE7A6CED-1353-4B6B-B269-216E207B0100} = {A76F0FA4-08DE-4BAA-AB7F-29FF76915EBC}
		{41283E60-CE86-4683-BBC5-3A8E404ED19E} = {A76F0FA4-08DE-4BAA-AB7F-29FF76915EBC}
		{EE1934FB-B4FF-41C9-99AD-90D3B8BDDB14} = {A76F0FA4-08DE-4BAA-AB7F-29FF76915EBC}
		{0452FF0A-3D5A-4624-B6B5-01F63FE33FAC} = {A76F0FA4-08DE-4BAA-AB7F-29FF76915EBC}
		{735BD6AB-8A10-4278-AE53-E8CBF906EF99} = {A76F0FA4-08DE-4BAA-AB7F-29FF76915EBC}
		{44ACAC52-2B7A-4113-9D3F-C5A5D53DC1CB} = {A76F0FA4-08DE-4BAA-AB7F-29FF76915EBC}
		{F5E6BAE4-6962-4FEA-8BAA-7FB309FC45B0} = {A76F0FA4-08DE-4BAA-AB7F-29FF76915EBC}
		{E81D8B4B-E1CC-4069-8F2C-47A2A0DE9244} = {A76F0FA4-08DE-4BAA-AB7F-29FF76915EBC}
		{016D8A6B-1E7B-48C0-B997-43E6BC5DD046} = {A76F0FA4-08DE-4BAA-AB7F-29FF76915EBC}
		{4CCBBD76-028E-4E77-A030-EEB41F617C09} = {A76F0FA4-08DE-4BAA-AB7F-29FF76915EBC}
		{686107C9-E499-467E-968A-DD07E99167F8} = {A76F0FA4-08DE-4BAA-AB7F-29FF76915EBC}
		{39F80710-9836-4850-B912-960DBAA11AB9} = {A76F0FA4-08DE-4BAA-AB7F-29FF76915EBC}
		{8E4A6F78-674C-417C-9DE7-91ECB1EE6BB6} = {A76F0FA4-08DE-4BAA-AB7F-29FF76915EBC}
		{9FB91CE3-ED53-42FE-87A1-06090E0B9FDC} = {A76F0FA4-08DE-4BAA-AB7F-29FF76915EBC}
		{57A4CED6-6BC2-4F81-9DA5-FBCF139A9CA2} = {A76F0FA4-08DE-4BAA-AB7F-29FF76915EBC}
		{866055C5-9C30-4E59-84CF-3458A8C2A090} = {A76F0FA4-08DE-4BAA-AB7F-29FF76915EBC}
		{DE08C8B6-A785-4EE1-BC35-8B99B613486C} = {A76F0FA4-08DE-4BAA-AB7F-29FF76915EBC}
		{17CAD8FB-14F6-4EF5-9F2B-E3ABCFAE3C82} = {A76F0FA4-08DE-4BAA-AB7F-29FF76915EBC}
		{06807172-8C63-437E-A82E-6BB33E4AAA08} = {A76F0FA4-08DE-4BAA-AB7F-29FF76915EBC}
		{E3B38D03-15C5-436C-B9EC-CB098704F21B} = {A76F0FA4-08DE-4BAA-AB7F-29FF76915EBC}
		{BFB9B644-5D10-4B21-BC93-F045CEF6480A} = {A76F0FA4-08DE-4BAA-AB7F-29FF76915EBC}
		{0215D133-3D0B-44DF-9C06-D5056DBE510C} = {A76F0FA4-08DE-4BAA-AB7F-29FF76915EBC}
		{DFC91C60-F65C-4CB0-A7BC-C6D682393330} = {A76F0FA4-08DE-4BAA-AB7F-29FF76915EBC}
		{2F987796-E943-4530-91B4-4F2233F8BE3F} = {A76F0FA4-08DE-4BAA-AB7F-29FF76915EBC}
		{CD83F7FB-C596-4523-BE6C-B9FB269C0703} = {A76F0FA4-08DE-4BAA-AB7F-29FF76915EBC}
		{3AFE10F0-F418-47C7-93CB-BD3B8DC4EF96} = {A76F0FA4-08DE-4BAA-AB7F-29FF76915EBC}
		{7EE5FC87-9FE9-4F20-A976-32AD5E92B5DE} = {A76F0FA4-08DE-4BAA-AB7F-29FF76915EBC}
		{B1E7B6C3-5195-4FFF-8878-32D0C6F7FFDE} = {A76F0FA4-08DE-4BAA-AB7F-29FF76915EBC}
	EndGlobalSection
	GlobalSection(ExtensibilityGlobals) = postSolution
		SolutionGuid = {6B29803B-76CD-4B1F-9443-66BA909C09BA}
	EndGlobalSection
EndGlobal
